PODS:
  - GoogleMaps (3.0.1):
    - GoogleMaps/Maps (= 3.0.1)
  - GoogleMaps/Base (3.0.1)
  - GoogleMaps/Maps (3.0.1):
    - GoogleMaps/Base
  - GooglePlaces (3.0.1):
    - GoogleMaps/Base (= 3.0.1)
  - SwiftLint (0.29.1)

DEPENDENCIES:
  - GoogleMaps
  - GooglePlaces
  - SwiftLint

SPEC REPOS:
  https://github.com/cocoapods/specs.git:
    - GoogleMaps
    - GooglePlaces
    - SwiftLint

SPEC CHECKSUMS:
  GoogleMaps: ec8c032304e19f609aba11096eed7207ca1af32d
  GooglePlaces: 44d1be1cf4c2919563162fe369c117168e551e6d
  SwiftLint: 6772320e40b52049053a518c17db9b0634a0b45a

PODFILE CHECKSUM: 3c47ab3286dd161ef98d5df0652c627951e7e179

COCOAPODS: 1.6.0.beta.2
