// !$*UTF8*$!
{
	archiveVersion = 1;
	classes = {
	};
	objectVersion = 50;
	objects = {

/* Begin PBXBuildFile section */
		842CC7B921FEBC100045D084 /* StoreCollectionViewController.swift in Sources */ = {isa = PBXBuildFile; fileRef = 842CC7B821FEBC100045D084 /* StoreCollectionViewController.swift */; };
		84333AC32202CDA3007372DE /* ChattingViewController.swift in Sources */ = {isa = PBXBuildFile; fileRef = 84333AC22202CDA3007372DE /* ChattingViewController.swift */; };
		84333AC52202CDB5007372DE /* Chatting.storyboard in Resources */ = {isa = PBXBuildFile; fileRef = 84333AC42202CDB5007372DE /* Chatting.storyboard */; };
		843B05122203D9240082FEFF /* FirebaseSingleton.swift in Sources */ = {isa = PBXBuildFile; fileRef = 843B05112203D9240082FEFF /* FirebaseSingleton.swift */; };
		843B05182203E6F40082FEFF /* ChatModel.swift in Sources */ = {isa = PBXBuildFile; fileRef = 843B05172203E6F40082FEFF /* ChatModel.swift */; };
		843B051A220405540082FEFF /* ChatMessageCell.swift in Sources */ = {isa = PBXBuildFile; fileRef = 843B0519220405540082FEFF /* ChatMessageCell.swift */; };
		8443049A22154B2000FCFADB /* FoodMarketSelectState.swift in Sources */ = {isa = PBXBuildFile; fileRef = 8443049922154B2000FCFADB /* FoodMarketSelectState.swift */; };
		84604F212205928100212A00 /* Message.swift in Sources */ = {isa = PBXBuildFile; fileRef = 84604F202205928100212A00 /* Message.swift */; };
		8477949F22142D3D003EA68D /* ImageNetworkManager.swift in Sources */ = {isa = PBXBuildFile; fileRef = 8477949E22142D3C003EA68D /* ImageNetworkManager.swift */; };
		847794A322144606003EA68D /* DependencyContainer.framework in Frameworks */ = {isa = PBXBuildFile; fileRef = 847794A222144606003EA68D /* DependencyContainer.framework */; };
		847794A422144606003EA68D /* DependencyContainer.framework in Embed Frameworks */ = {isa = PBXBuildFile; fileRef = 847794A222144606003EA68D /* DependencyContainer.framework */; settings = {ATTRIBUTES = (CodeSignOnCopy, RemoveHeadersOnCopy, ); }; };
		847794A722144614003EA68D /* MockServer.framework in Embed Frameworks */ = {isa = PBXBuildFile; fileRef = 847794A522144614003EA68D /* MockServer.framework */; settings = {ATTRIBUTES = (CodeSignOnCopy, RemoveHeadersOnCopy, ); }; };
		847794A82214461C003EA68D /* Common.framework in Frameworks */ = {isa = PBXBuildFile; fileRef = 84CCFCF4220B038600F4A4EF /* Common.framework */; };
		847794A92214461C003EA68D /* Common.framework in Embed Frameworks */ = {isa = PBXBuildFile; fileRef = 84CCFCF4220B038600F4A4EF /* Common.framework */; settings = {ATTRIBUTES = (CodeSignOnCopy, RemoveHeadersOnCopy, ); }; };
		847794AB22144621003EA68D /* Waltz.framework in Frameworks */ = {isa = PBXBuildFile; fileRef = 847794AA22144621003EA68D /* Waltz.framework */; };
		847794AC22144621003EA68D /* Waltz.framework in Embed Frameworks */ = {isa = PBXBuildFile; fileRef = 847794AA22144621003EA68D /* Waltz.framework */; settings = {ATTRIBUTES = (CodeSignOnCopy, RemoveHeadersOnCopy, ); }; };
		84ADDE2921FF1F7E004A286E /* UIDevice+Extension.swift in Sources */ = {isa = PBXBuildFile; fileRef = 84ADDE2821FF1F7E004A286E /* UIDevice+Extension.swift */; };
		84CA5ED722113487007E95FF /* ServiceInterface.framework in Frameworks */ = {isa = PBXBuildFile; fileRef = 99F57930220C5A90002D792A /* ServiceInterface.framework */; };
		84CA5EDA2211348F007E95FF /* ServiceInterface.framework in Embed Frameworks */ = {isa = PBXBuildFile; fileRef = 99F57930220C5A90002D792A /* ServiceInterface.framework */; settings = {ATTRIBUTES = (CodeSignOnCopy, RemoveHeadersOnCopy, ); }; };
		84CA5EDC22113498007E95FF /* Service.framework in Embed Frameworks */ = {isa = PBXBuildFile; fileRef = 99F57914220AD07F002D792A /* Service.framework */; settings = {ATTRIBUTES = (CodeSignOnCopy, RemoveHeadersOnCopy, ); }; };
		84DC184121F9A51D008EE6D3 /* ExpectTimeCollectionViewCell.xib in Resources */ = {isa = PBXBuildFile; fileRef = 84DC183921F9A51D008EE6D3 /* ExpectTimeCollectionViewCell.xib */; };
		84DC184221F9A51D008EE6D3 /* RecommendCollectionViewCell.swift in Sources */ = {isa = PBXBuildFile; fileRef = 84DC183A21F9A51D008EE6D3 /* RecommendCollectionViewCell.swift */; };
		84DC184321F9A51D008EE6D3 /* ExpectTimeCollectionViewCell.swift in Sources */ = {isa = PBXBuildFile; fileRef = 84DC183B21F9A51D008EE6D3 /* ExpectTimeCollectionViewCell.swift */; };
		84DC184421F9A51D008EE6D3 /* NearestCollectionViewCell.swift in Sources */ = {isa = PBXBuildFile; fileRef = 84DC183C21F9A51D008EE6D3 /* NearestCollectionViewCell.swift */; };
		84DC184521F9A51D008EE6D3 /* TableViewCell.swift in Sources */ = {isa = PBXBuildFile; fileRef = 84DC183D21F9A51D008EE6D3 /* TableViewCell.swift */; };
		84DC184621F9A51D008EE6D3 /* RecommendCollectionViewCell.xib in Resources */ = {isa = PBXBuildFile; fileRef = 84DC183E21F9A51D008EE6D3 /* RecommendCollectionViewCell.xib */; };
		84DC184721F9A51D008EE6D3 /* NearestCollectionViewCell.xib in Resources */ = {isa = PBXBuildFile; fileRef = 84DC183F21F9A51D008EE6D3 /* NearestCollectionViewCell.xib */; };
		84DC184821F9A51D008EE6D3 /* TableViewCell.xib in Resources */ = {isa = PBXBuildFile; fileRef = 84DC184021F9A51D008EE6D3 /* TableViewCell.xib */; };
		84DC184A21F9ACE0008EE6D3 /* ItemViewController.swift in Sources */ = {isa = PBXBuildFile; fileRef = 84DC184921F9ACE0008EE6D3 /* ItemViewController.swift */; };
		84DC184D21F9AD3D008EE6D3 /* NewRestCollectionViewCell.swift in Sources */ = {isa = PBXBuildFile; fileRef = 84DC184B21F9AD3D008EE6D3 /* NewRestCollectionViewCell.swift */; };
		84DC184E21F9AD3D008EE6D3 /* NewRestCollectionViewCell.xib in Resources */ = {isa = PBXBuildFile; fileRef = 84DC184C21F9AD3D008EE6D3 /* NewRestCollectionViewCell.xib */; };
		84DC185021F9AD7C008EE6D3 /* ItemView.storyboard in Resources */ = {isa = PBXBuildFile; fileRef = 84DC184F21F9AD7C008EE6D3 /* ItemView.storyboard */; };
		84DC185421F9C426008EE6D3 /* TabBarVC.swift in Sources */ = {isa = PBXBuildFile; fileRef = 84DC185321F9C426008EE6D3 /* TabBarVC.swift */; };
		84FB11AA22017A90002C5F46 /* SeeMoreRestTableViewCell.swift in Sources */ = {isa = PBXBuildFile; fileRef = 84FB11A822017A90002C5F46 /* SeeMoreRestTableViewCell.swift */; };
		84FB11AB22017A90002C5F46 /* SeeMoreRestTableViewCell.xib in Resources */ = {isa = PBXBuildFile; fileRef = 84FB11A922017A90002C5F46 /* SeeMoreRestTableViewCell.xib */; };
		84FB11AD2202994F002C5F46 /* SectionEnum.swift in Sources */ = {isa = PBXBuildFile; fileRef = 84FB11AC2202994F002C5F46 /* SectionEnum.swift */; };
		992EDCEB21FDB0A7006CC894 /* FoodItemDetails.storyboard in Resources */ = {isa = PBXBuildFile; fileRef = 992EDCEA21FDB0A7006CC894 /* FoodItemDetails.storyboard */; };
		992EDCED21FDB0C6006CC894 /* FoodItemDetailsViewController.swift in Sources */ = {isa = PBXBuildFile; fileRef = 992EDCEC21FDB0C6006CC894 /* FoodItemDetailsViewController.swift */; };
		992EDCEF21FDB11B006CC894 /* FoodItemDetailsCell.swift in Sources */ = {isa = PBXBuildFile; fileRef = 992EDCEE21FDB11B006CC894 /* FoodItemDetailsCell.swift */; };
		99342CC421FB12CF0029DB10 /* UberEatsTests.swift in Sources */ = {isa = PBXBuildFile; fileRef = 99342CC321FB12CF0029DB10 /* UberEatsTests.swift */; };
		99342CCE21FB13550029DB10 /* Throttler.swift in Sources */ = {isa = PBXBuildFile; fileRef = 99342CCD21FB13550029DB10 /* Throttler.swift */; };
		99342CD021FB13790029DB10 /* ThrottlerTests.swift in Sources */ = {isa = PBXBuildFile; fileRef = 99342CCF21FB13790029DB10 /* ThrottlerTests.swift */; };
		9956F7F121F98468004E9854 /* AppDelegate.swift in Sources */ = {isa = PBXBuildFile; fileRef = 9956F7F021F98468004E9854 /* AppDelegate.swift */; };
		9956F7F821F98468004E9854 /* Main.storyboard in Resources */ = {isa = PBXBuildFile; fileRef = 9956F7F621F98468004E9854 /* Main.storyboard */; };
		9956F7FA21F98468004E9854 /* Assets.xcassets in Resources */ = {isa = PBXBuildFile; fileRef = 9956F7F921F98468004E9854 /* Assets.xcassets */; };
		9956F7FD21F98468004E9854 /* LaunchScreen.storyboard in Resources */ = {isa = PBXBuildFile; fileRef = 9956F7FB21F98468004E9854 /* LaunchScreen.storyboard */; };
		995B1C4622152BF100A41176 /* MemoCell.swift in Sources */ = {isa = PBXBuildFile; fileRef = 995B1C4522152BF100A41176 /* MemoCell.swift */; };
		995B1C5B22192DC300A41176 /* UiView+UtillForCustomView.swift in Sources */ = {isa = PBXBuildFile; fileRef = 995B1C5A22192DC300A41176 /* UiView+UtillForCustomView.swift */; };
		995B1C5E2219348700A41176 /* CartViewModel+Empty.swift in Sources */ = {isa = PBXBuildFile; fileRef = 995B1C5D2219348700A41176 /* CartViewModel+Empty.swift */; };
		995B1C602219384100A41176 /* PaymentInfoCell.swift in Sources */ = {isa = PBXBuildFile; fileRef = 995B1C5F2219384100A41176 /* PaymentInfoCell.swift */; };
		995D90242210023C00DCA964 /* GoogleService-Info.plist in Resources */ = {isa = PBXBuildFile; fileRef = 995D90232210023B00DCA964 /* GoogleService-Info.plist */; };
		995D903A22104E9C00DCA964 /* Cart.storyboard in Resources */ = {isa = PBXBuildFile; fileRef = 995D903922104E9C00DCA964 /* Cart.storyboard */; };
		995D903D22104ECE00DCA964 /* CartViewController.swift in Sources */ = {isa = PBXBuildFile; fileRef = 995D903C22104ECE00DCA964 /* CartViewController.swift */; };
		995D903F2210609400DCA964 /* StoreInfoCell.swift in Sources */ = {isa = PBXBuildFile; fileRef = 995D903E2210609400DCA964 /* StoreInfoCell.swift */; };
		995D9042221062D300DCA964 /* CartModels.swift in Sources */ = {isa = PBXBuildFile; fileRef = 995D9041221062D300DCA964 /* CartModels.swift */; };
		995D904422106DE800DCA964 /* DeliveryAddressCell.swift in Sources */ = {isa = PBXBuildFile; fileRef = 995D904322106DE800DCA964 /* DeliveryAddressCell.swift */; };
		995D904622119D3600DCA964 /* FoodsOrderedByOthersCell.swift in Sources */ = {isa = PBXBuildFile; fileRef = 995D904522119D3600DCA964 /* FoodsOrderedByOthersCell.swift */; };
		996F6BC82212F6690052CC36 /* CALayer+Border.swift in Sources */ = {isa = PBXBuildFile; fileRef = 996F6BC72212F6690052CC36 /* CALayer+Border.swift */; };
		996F6BCA2212F8C70052CC36 /* DependencyContainer.framework in Frameworks */ = {isa = PBXBuildFile; fileRef = 996F6BC92212F8C70052CC36 /* DependencyContainer.framework */; };
		996F6BCC2212FFF00052CC36 /* OrderBookTitleCell.swift in Sources */ = {isa = PBXBuildFile; fileRef = 996F6BCB2212FFF00052CC36 /* OrderBookTitleCell.swift */; };
		996F6BCE221304B50052CC36 /* UITableViewCell+ViewOption.swift in Sources */ = {isa = PBXBuildFile; fileRef = 996F6BCD221304B50052CC36 /* UITableViewCell+ViewOption.swift */; };
		996F6BD4221307650052CC36 /* OrderButton.swift in Sources */ = {isa = PBXBuildFile; fileRef = 996F6BD3221307650052CC36 /* OrderButton.swift */; };
		996F6BD6221307710052CC36 /* OrderButton.xib in Resources */ = {isa = PBXBuildFile; fileRef = 996F6BD5221307710052CC36 /* OrderButton.xib */; };
		996F6BD822145D3B0052CC36 /* OrderCell.swift in Sources */ = {isa = PBXBuildFile; fileRef = 996F6BD722145D3B0052CC36 /* OrderCell.swift */; };
		998A247621FF2B1500AF250D /* .swiftlint.yml in Resources */ = {isa = PBXBuildFile; fileRef = 998A247521FF2B1500AF250D /* .swiftlint.yml */; };
		BAADD13A736367A4AF0735E9 /* Pods_UberEats.framework in Frameworks */ = {isa = PBXBuildFile; fileRef = 3F6506E59626E3060BF7CD65 /* Pods_UberEats.framework */; };
		D102A68A2208335E004B458C /* OrderNameCollectionReusableView.swift in Sources */ = {isa = PBXBuildFile; fileRef = D102A6892208335E004B458C /* OrderNameCollectionReusableView.swift */; };
		D102A68E22083853004B458C /* SeparatorCollectionReusableView.swift in Sources */ = {isa = PBXBuildFile; fileRef = D102A68D22083853004B458C /* SeparatorCollectionReusableView.swift */; };
		D107D2192215064300322379 /* SettingLocationViewController.swift in Sources */ = {isa = PBXBuildFile; fileRef = D107D2182215064300322379 /* SettingLocationViewController.swift */; };
		D107D21B22150B4200322379 /* LocationTableViewCell.swift in Sources */ = {isa = PBXBuildFile; fileRef = D107D21A22150B4100322379 /* LocationTableViewCell.swift */; };
		D107D21D22150E1D00322379 /* UIImageView+Init.swift in Sources */ = {isa = PBXBuildFile; fileRef = D107D21C22150E1D00322379 /* UIImageView+Init.swift */; };
		D107D22122152AA100322379 /* NewAddressTableViewCell.swift in Sources */ = {isa = PBXBuildFile; fileRef = D107D22022152AA100322379 /* NewAddressTableViewCell.swift */; };
		D107D22522153A6300322379 /* MomentTableViewCell.swift in Sources */ = {isa = PBXBuildFile; fileRef = D107D22422153A6300322379 /* MomentTableViewCell.swift */; };
		D107D22722153A8100322379 /* LocationCellModel.swift in Sources */ = {isa = PBXBuildFile; fileRef = D107D22622153A8100322379 /* LocationCellModel.swift */; };
		D107D229221541A200322379 /* MomentHeaderView.swift in Sources */ = {isa = PBXBuildFile; fileRef = D107D228221541A200322379 /* MomentHeaderView.swift */; };
		D107D22B22154DCD00322379 /* SettingLocationModel.swift in Sources */ = {isa = PBXBuildFile; fileRef = D107D22A22154DCD00322379 /* SettingLocationModel.swift */; };
		D107D22D2215823000322379 /* ToolBarView.swift in Sources */ = {isa = PBXBuildFile; fileRef = D107D22C2215823000322379 /* ToolBarView.swift */; };
		D107D22F2215875F00322379 /* CloseDelegate.swift in Sources */ = {isa = PBXBuildFile; fileRef = D107D22E2215875F00322379 /* CloseDelegate.swift */; };
		D1135C302210114C0032F103 /* DeliveryStartNoticeView.swift in Sources */ = {isa = PBXBuildFile; fileRef = D1135C2F2210114C0032F103 /* DeliveryStartNoticeView.swift */; };
		D1135C3322102C0A0032F103 /* DeliveryManInfoCollectionReusableView.swift in Sources */ = {isa = PBXBuildFile; fileRef = D1135C3122102C0A0032F103 /* DeliveryManInfoCollectionReusableView.swift */; };
		D1135C3422102C0A0032F103 /* DeliveryManInfoCollectionReusableView.xib in Resources */ = {isa = PBXBuildFile; fileRef = D1135C3222102C0A0032F103 /* DeliveryManInfoCollectionReusableView.xib */; };
		D115BBB321F9D49E00C57809 /* SearchCollectionViewCell.swift in Sources */ = {isa = PBXBuildFile; fileRef = D115BBB121F9D49E00C57809 /* SearchCollectionViewCell.swift */; };
		D115BBB421F9D49E00C57809 /* SearchCollectionViewCell.xib in Resources */ = {isa = PBXBuildFile; fileRef = D115BBB221F9D49E00C57809 /* SearchCollectionViewCell.xib */; };
		D115BBB721F9D66100C57809 /* TimeAndLocationCollectionViewCell.swift in Sources */ = {isa = PBXBuildFile; fileRef = D115BBB521F9D66100C57809 /* TimeAndLocationCollectionViewCell.swift */; };
		D115BBB821F9D66100C57809 /* TimeAndLocationCollectionViewCell.xib in Resources */ = {isa = PBXBuildFile; fileRef = D115BBB621F9D66100C57809 /* TimeAndLocationCollectionViewCell.xib */; };
		D118B7D32213A79E00E5A85E /* UserLocationView.swift in Sources */ = {isa = PBXBuildFile; fileRef = D118B7D22213A79E00E5A85E /* UserLocationView.swift */; };
		D118B7D52213A7AE00E5A85E /* StoreLocationView.swift in Sources */ = {isa = PBXBuildFile; fileRef = D118B7D42213A7AE00E5A85E /* StoreLocationView.swift */; };
		D118B7D722143D3F00E5A85E /* ChangeScrollDelegate.swift in Sources */ = {isa = PBXBuildFile; fileRef = D118B7D622143D3F00E5A85E /* ChangeScrollDelegate.swift */; };
		D11B04D8220583A100F20363 /* LocationViewController.storyboard in Resources */ = {isa = PBXBuildFile; fileRef = D11B04D7220583A100F20363 /* LocationViewController.storyboard */; };
		D11B04DA2205847F00F20363 /* LocationViewController.swift in Sources */ = {isa = PBXBuildFile; fileRef = D11B04D92205847F00F20363 /* LocationViewController.swift */; };
		D1391FC4220AB2D90064FC37 /* SaleCollectionViewCell.swift in Sources */ = {isa = PBXBuildFile; fileRef = D1391FC3220AB2D90064FC37 /* SaleCollectionViewCell.swift */; };
		D16DAEE3220888F200564823 /* TotalPriceCollectionReusableView.swift in Sources */ = {isa = PBXBuildFile; fileRef = D16DAEE2220888F200564823 /* TotalPriceCollectionReusableView.swift */; };
		D196FE9D220DB48100F522C8 /* LocationModel.swift in Sources */ = {isa = PBXBuildFile; fileRef = D196FE9C220DB48100F522C8 /* LocationModel.swift */; };
		D199236222045BAB00C7C857 /* UIButton+Init.swift in Sources */ = {isa = PBXBuildFile; fileRef = D199236122045BAB00C7C857 /* UIButton+Init.swift */; };
		D1AF1E9D21F9A5A6004CA3A5 /* MenuSectionView.xib in Resources */ = {isa = PBXBuildFile; fileRef = D1AF1E9021F9A5A6004CA3A5 /* MenuSectionView.xib */; };
		D1AF1E9E21F9A5A6004CA3A5 /* TempCollectionReusableView.swift in Sources */ = {isa = PBXBuildFile; fileRef = D1AF1E9121F9A5A6004CA3A5 /* TempCollectionReusableView.swift */; };
		D1AF1E9F21F9A5A6004CA3A5 /* StoreTitleView.swift in Sources */ = {isa = PBXBuildFile; fileRef = D1AF1E9221F9A5A6004CA3A5 /* StoreTitleView.swift */; };
		D1AF1EA021F9A5A6004CA3A5 /* MenuCategoryCollectionViewCell.swift in Sources */ = {isa = PBXBuildFile; fileRef = D1AF1E9321F9A5A6004CA3A5 /* MenuCategoryCollectionViewCell.swift */; };
		D1AF1EA321F9A5A6004CA3A5 /* MenuSectionView.swift in Sources */ = {isa = PBXBuildFile; fileRef = D1AF1E9621F9A5A6004CA3A5 /* MenuSectionView.swift */; };
		D1AF1EA521F9A5A6004CA3A5 /* FoodCollectionViewCell.swift in Sources */ = {isa = PBXBuildFile; fileRef = D1AF1E9821F9A5A6004CA3A5 /* FoodCollectionViewCell.swift */; };
		D1AF1EA621F9A5A6004CA3A5 /* StretchyHeaderView.swift in Sources */ = {isa = PBXBuildFile; fileRef = D1AF1E9921F9A5A6004CA3A5 /* StretchyHeaderView.swift */; };
		D1AF1EA721F9A5A6004CA3A5 /* MenuCategoryCollectionViewCell.xib in Resources */ = {isa = PBXBuildFile; fileRef = D1AF1E9A21F9A5A6004CA3A5 /* MenuCategoryCollectionViewCell.xib */; };
		D1AF1EB021F9A654004CA3A5 /* StretchyHeaderLayout.swift in Sources */ = {isa = PBXBuildFile; fileRef = D1AF1EAF21F9A654004CA3A5 /* StretchyHeaderLayout.swift */; };
		D1B3E33622113D280043CE50 /* String+TextEstimate.swift in Sources */ = {isa = PBXBuildFile; fileRef = D1B3E33522113D280043CE50 /* String+TextEstimate.swift */; };
		D1BD7DBB2216B3BD00123286 /* Foodfood.swift in Sources */ = {isa = PBXBuildFile; fileRef = D1BD7DBA2216B3BD00123286 /* Foodfood.swift */; };
		D1CC3E9C22045EAA00670675 /* FloatingView.swift in Sources */ = {isa = PBXBuildFile; fileRef = D1CC3E9B22045EAA00670675 /* FloatingView.swift */; };
		D1CED1BC22074759007626B4 /* OrderedMenuCollectionViewCell.swift in Sources */ = {isa = PBXBuildFile; fileRef = D1CED1BB22074759007626B4 /* OrderedMenuCollectionViewCell.swift */; };
		D1CED1BF22075039007626B4 /* OrderCheckingCollectionReusableView.swift in Sources */ = {isa = PBXBuildFile; fileRef = D1CED1BD22075039007626B4 /* OrderCheckingCollectionReusableView.swift */; };
		D1CED1C022075039007626B4 /* OrderCheckingCollectionReusableView.xib in Resources */ = {isa = PBXBuildFile; fileRef = D1CED1BE22075039007626B4 /* OrderCheckingCollectionReusableView.xib */; };
		D1CED1C2220756C7007626B4 /* OrderCancelCollectionViewCell.swift in Sources */ = {isa = PBXBuildFile; fileRef = D1CED1C1220756C7007626B4 /* OrderCancelCollectionViewCell.swift */; };
		D1EA630221FA9B1D0024CD68 /* SearchBarDelegate.swift in Sources */ = {isa = PBXBuildFile; fileRef = D1EA630121FA9B1D0024CD68 /* SearchBarDelegate.swift */; };
		D1EA630621FAAA1F0024CD68 /* SearchViewController.swift in Sources */ = {isa = PBXBuildFile; fileRef = D1EA630521FAAA1F0024CD68 /* SearchViewController.swift */; };
		D1F3A8F22212E606000448DD /* StoreModel.swift in Sources */ = {isa = PBXBuildFile; fileRef = D1F3A8F12212E606000448DD /* StoreModel.swift */; };
		D1F96F0221FE8D9400D79396 /* ItemSizeDelegate.swift in Sources */ = {isa = PBXBuildFile; fileRef = D1F96F0121FE8D9400D79396 /* ItemSizeDelegate.swift */; };
/* End PBXBuildFile section */

/* Begin PBXContainerItemProxy section */
		99342CC621FB12CF0029DB10 /* PBXContainerItemProxy */ = {
			isa = PBXContainerItemProxy;
			containerPortal = 9956F7E521F98468004E9854 /* Project object */;
			proxyType = 1;
			remoteGlobalIDString = 9956F7EC21F98468004E9854;
			remoteInfo = UberEats;
		};
/* End PBXContainerItemProxy section */

/* Begin PBXCopyFilesBuildPhase section */
		84CA5ED32211347E007E95FF /* Embed Frameworks */ = {
			isa = PBXCopyFilesBuildPhase;
			buildActionMask = 2147483647;
			dstPath = "";
			dstSubfolderSpec = 10;
			files = (
				84CA5EDA2211348F007E95FF /* ServiceInterface.framework in Embed Frameworks */,
				847794AC22144621003EA68D /* Waltz.framework in Embed Frameworks */,
				847794A722144614003EA68D /* MockServer.framework in Embed Frameworks */,
				847794A92214461C003EA68D /* Common.framework in Embed Frameworks */,
				847794A422144606003EA68D /* DependencyContainer.framework in Embed Frameworks */,
				84CA5EDC22113498007E95FF /* Service.framework in Embed Frameworks */,
			);
			name = "Embed Frameworks";
			runOnlyForDeploymentPostprocessing = 0;
		};
/* End PBXCopyFilesBuildPhase section */

/* Begin PBXFileReference section */
		21E5371DEE7450775E68850B /* Pods-UberEatsTests.release.xcconfig */ = {isa = PBXFileReference; includeInIndex = 1; lastKnownFileType = text.xcconfig; name = "Pods-UberEatsTests.release.xcconfig"; path = "Target Support Files/Pods-UberEatsTests/Pods-UberEatsTests.release.xcconfig"; sourceTree = "<group>"; };
		2C582C1577D833CF963E43A5 /* Pods-UberEatsTests.debug.xcconfig */ = {isa = PBXFileReference; includeInIndex = 1; lastKnownFileType = text.xcconfig; name = "Pods-UberEatsTests.debug.xcconfig"; path = "Pods/Target Support Files/Pods-UberEatsTests/Pods-UberEatsTests.debug.xcconfig"; sourceTree = "<group>"; };
		3F6506E59626E3060BF7CD65 /* Pods_UberEats.framework */ = {isa = PBXFileReference; explicitFileType = wrapper.framework; includeInIndex = 0; path = Pods_UberEats.framework; sourceTree = BUILT_PRODUCTS_DIR; };
		4125D072A68DB9E84A2993D3 /* Pods-UberEats.release.xcconfig */ = {isa = PBXFileReference; includeInIndex = 1; lastKnownFileType = text.xcconfig; name = "Pods-UberEats.release.xcconfig"; path = "Target Support Files/Pods-UberEats/Pods-UberEats.release.xcconfig"; sourceTree = "<group>"; };
		4626BB81DAD6F796D73B2CB1 /* Pods-UberEats.release.xcconfig */ = {isa = PBXFileReference; includeInIndex = 1; lastKnownFileType = text.xcconfig; name = "Pods-UberEats.release.xcconfig"; path = "Pods/Target Support Files/Pods-UberEats/Pods-UberEats.release.xcconfig"; sourceTree = "<group>"; };
		6EC7DF705E1117A7299B62BC /* Pods-UberEatsTests.release.xcconfig */ = {isa = PBXFileReference; includeInIndex = 1; lastKnownFileType = text.xcconfig; name = "Pods-UberEatsTests.release.xcconfig"; path = "Pods/Target Support Files/Pods-UberEatsTests/Pods-UberEatsTests.release.xcconfig"; sourceTree = "<group>"; };
		754714E789542F3590FBCC3B /* Pods-UberEats.debug.xcconfig */ = {isa = PBXFileReference; includeInIndex = 1; lastKnownFileType = text.xcconfig; name = "Pods-UberEats.debug.xcconfig"; path = "Target Support Files/Pods-UberEats/Pods-UberEats.debug.xcconfig"; sourceTree = "<group>"; };
		842CC7B821FEBC100045D084 /* StoreCollectionViewController.swift */ = {isa = PBXFileReference; lastKnownFileType = sourcecode.swift; path = StoreCollectionViewController.swift; sourceTree = "<group>"; };
		84333AC22202CDA3007372DE /* ChattingViewController.swift */ = {isa = PBXFileReference; lastKnownFileType = sourcecode.swift; path = ChattingViewController.swift; sourceTree = "<group>"; };
		84333AC42202CDB5007372DE /* Chatting.storyboard */ = {isa = PBXFileReference; lastKnownFileType = file.storyboard; path = Chatting.storyboard; sourceTree = "<group>"; };
		843B05112203D9240082FEFF /* FirebaseSingleton.swift */ = {isa = PBXFileReference; lastKnownFileType = sourcecode.swift; path = FirebaseSingleton.swift; sourceTree = "<group>"; };
		843B05172203E6F40082FEFF /* ChatModel.swift */ = {isa = PBXFileReference; lastKnownFileType = sourcecode.swift; path = ChatModel.swift; sourceTree = "<group>"; };
		843B0519220405540082FEFF /* ChatMessageCell.swift */ = {isa = PBXFileReference; lastKnownFileType = sourcecode.swift; path = ChatMessageCell.swift; sourceTree = "<group>"; };
		8443049922154B2000FCFADB /* FoodMarketSelectState.swift */ = {isa = PBXFileReference; lastKnownFileType = sourcecode.swift; path = FoodMarketSelectState.swift; sourceTree = "<group>"; };
		84604F202205928100212A00 /* Message.swift */ = {isa = PBXFileReference; lastKnownFileType = sourcecode.swift; path = Message.swift; sourceTree = "<group>"; };
		8477949E22142D3C003EA68D /* ImageNetworkManager.swift */ = {isa = PBXFileReference; lastKnownFileType = sourcecode.swift; path = ImageNetworkManager.swift; sourceTree = "<group>"; };
		847794A222144606003EA68D /* DependencyContainer.framework */ = {isa = PBXFileReference; explicitFileType = wrapper.framework; path = DependencyContainer.framework; sourceTree = BUILT_PRODUCTS_DIR; };
		847794A522144614003EA68D /* MockServer.framework */ = {isa = PBXFileReference; explicitFileType = wrapper.framework; path = MockServer.framework; sourceTree = BUILT_PRODUCTS_DIR; };
		847794AA22144621003EA68D /* Waltz.framework */ = {isa = PBXFileReference; explicitFileType = wrapper.framework; path = Waltz.framework; sourceTree = BUILT_PRODUCTS_DIR; };
		84ADDE2821FF1F7E004A286E /* UIDevice+Extension.swift */ = {isa = PBXFileReference; lastKnownFileType = sourcecode.swift; path = "UIDevice+Extension.swift"; sourceTree = "<group>"; };
		84CCFCF4220B038600F4A4EF /* Common.framework */ = {isa = PBXFileReference; explicitFileType = wrapper.framework; path = Common.framework; sourceTree = BUILT_PRODUCTS_DIR; };
		84DC183921F9A51D008EE6D3 /* ExpectTimeCollectionViewCell.xib */ = {isa = PBXFileReference; fileEncoding = 4; lastKnownFileType = file.xib; path = ExpectTimeCollectionViewCell.xib; sourceTree = "<group>"; };
		84DC183A21F9A51D008EE6D3 /* RecommendCollectionViewCell.swift */ = {isa = PBXFileReference; fileEncoding = 4; lastKnownFileType = sourcecode.swift; path = RecommendCollectionViewCell.swift; sourceTree = "<group>"; };
		84DC183B21F9A51D008EE6D3 /* ExpectTimeCollectionViewCell.swift */ = {isa = PBXFileReference; fileEncoding = 4; lastKnownFileType = sourcecode.swift; path = ExpectTimeCollectionViewCell.swift; sourceTree = "<group>"; };
		84DC183C21F9A51D008EE6D3 /* NearestCollectionViewCell.swift */ = {isa = PBXFileReference; fileEncoding = 4; lastKnownFileType = sourcecode.swift; path = NearestCollectionViewCell.swift; sourceTree = "<group>"; };
		84DC183D21F9A51D008EE6D3 /* TableViewCell.swift */ = {isa = PBXFileReference; fileEncoding = 4; lastKnownFileType = sourcecode.swift; path = TableViewCell.swift; sourceTree = "<group>"; };
		84DC183E21F9A51D008EE6D3 /* RecommendCollectionViewCell.xib */ = {isa = PBXFileReference; fileEncoding = 4; lastKnownFileType = file.xib; path = RecommendCollectionViewCell.xib; sourceTree = "<group>"; };
		84DC183F21F9A51D008EE6D3 /* NearestCollectionViewCell.xib */ = {isa = PBXFileReference; fileEncoding = 4; lastKnownFileType = file.xib; path = NearestCollectionViewCell.xib; sourceTree = "<group>"; };
		84DC184021F9A51D008EE6D3 /* TableViewCell.xib */ = {isa = PBXFileReference; fileEncoding = 4; lastKnownFileType = file.xib; path = TableViewCell.xib; sourceTree = "<group>"; };
		84DC184921F9ACE0008EE6D3 /* ItemViewController.swift */ = {isa = PBXFileReference; lastKnownFileType = sourcecode.swift; path = ItemViewController.swift; sourceTree = "<group>"; };
		84DC184B21F9AD3D008EE6D3 /* NewRestCollectionViewCell.swift */ = {isa = PBXFileReference; lastKnownFileType = sourcecode.swift; path = NewRestCollectionViewCell.swift; sourceTree = "<group>"; };
		84DC184C21F9AD3D008EE6D3 /* NewRestCollectionViewCell.xib */ = {isa = PBXFileReference; lastKnownFileType = file.xib; path = NewRestCollectionViewCell.xib; sourceTree = "<group>"; };
		84DC184F21F9AD7C008EE6D3 /* ItemView.storyboard */ = {isa = PBXFileReference; lastKnownFileType = file.storyboard; path = ItemView.storyboard; sourceTree = "<group>"; };
		84DC185321F9C426008EE6D3 /* TabBarVC.swift */ = {isa = PBXFileReference; lastKnownFileType = sourcecode.swift; path = TabBarVC.swift; sourceTree = "<group>"; };
		84FB11A822017A90002C5F46 /* SeeMoreRestTableViewCell.swift */ = {isa = PBXFileReference; lastKnownFileType = sourcecode.swift; path = SeeMoreRestTableViewCell.swift; sourceTree = "<group>"; };
		84FB11A922017A90002C5F46 /* SeeMoreRestTableViewCell.xib */ = {isa = PBXFileReference; lastKnownFileType = file.xib; path = SeeMoreRestTableViewCell.xib; sourceTree = "<group>"; };
		84FB11AC2202994F002C5F46 /* SectionEnum.swift */ = {isa = PBXFileReference; lastKnownFileType = sourcecode.swift; path = SectionEnum.swift; sourceTree = "<group>"; };
		992EDCEA21FDB0A7006CC894 /* FoodItemDetails.storyboard */ = {isa = PBXFileReference; lastKnownFileType = file.storyboard; path = FoodItemDetails.storyboard; sourceTree = "<group>"; };
		992EDCEC21FDB0C6006CC894 /* FoodItemDetailsViewController.swift */ = {isa = PBXFileReference; lastKnownFileType = sourcecode.swift; path = FoodItemDetailsViewController.swift; sourceTree = "<group>"; };
		992EDCEE21FDB11B006CC894 /* FoodItemDetailsCell.swift */ = {isa = PBXFileReference; lastKnownFileType = sourcecode.swift; path = FoodItemDetailsCell.swift; sourceTree = "<group>"; };
		99342CC121FB12CF0029DB10 /* UberEatsTests.xctest */ = {isa = PBXFileReference; explicitFileType = wrapper.cfbundle; includeInIndex = 0; path = UberEatsTests.xctest; sourceTree = BUILT_PRODUCTS_DIR; };
		99342CC321FB12CF0029DB10 /* UberEatsTests.swift */ = {isa = PBXFileReference; lastKnownFileType = sourcecode.swift; path = UberEatsTests.swift; sourceTree = "<group>"; };
		99342CC521FB12CF0029DB10 /* Info.plist */ = {isa = PBXFileReference; lastKnownFileType = text.plist.xml; path = Info.plist; sourceTree = "<group>"; };
		99342CCD21FB13550029DB10 /* Throttler.swift */ = {isa = PBXFileReference; lastKnownFileType = sourcecode.swift; path = Throttler.swift; sourceTree = "<group>"; };
		99342CCF21FB13790029DB10 /* ThrottlerTests.swift */ = {isa = PBXFileReference; lastKnownFileType = sourcecode.swift; path = ThrottlerTests.swift; sourceTree = "<group>"; };
		9956F7ED21F98468004E9854 /* UberEats.app */ = {isa = PBXFileReference; explicitFileType = wrapper.application; includeInIndex = 0; path = UberEats.app; sourceTree = BUILT_PRODUCTS_DIR; };
		9956F7F021F98468004E9854 /* AppDelegate.swift */ = {isa = PBXFileReference; lastKnownFileType = sourcecode.swift; path = AppDelegate.swift; sourceTree = "<group>"; };
		9956F7F721F98468004E9854 /* Base */ = {isa = PBXFileReference; lastKnownFileType = file.storyboard; name = Base; path = Base.lproj/Main.storyboard; sourceTree = "<group>"; };
		9956F7F921F98468004E9854 /* Assets.xcassets */ = {isa = PBXFileReference; lastKnownFileType = folder.assetcatalog; path = Assets.xcassets; sourceTree = "<group>"; };
		9956F7FC21F98468004E9854 /* Base */ = {isa = PBXFileReference; lastKnownFileType = file.storyboard; name = Base; path = Base.lproj/LaunchScreen.storyboard; sourceTree = "<group>"; };
		9956F7FE21F98468004E9854 /* Info.plist */ = {isa = PBXFileReference; lastKnownFileType = text.plist.xml; path = Info.plist; sourceTree = "<group>"; };
		995B1C4522152BF100A41176 /* MemoCell.swift */ = {isa = PBXFileReference; lastKnownFileType = sourcecode.swift; path = MemoCell.swift; sourceTree = "<group>"; };
		995B1C5A22192DC300A41176 /* UiView+UtillForCustomView.swift */ = {isa = PBXFileReference; lastKnownFileType = sourcecode.swift; path = "UiView+UtillForCustomView.swift"; sourceTree = "<group>"; };
		995B1C5D2219348700A41176 /* CartViewModel+Empty.swift */ = {isa = PBXFileReference; lastKnownFileType = sourcecode.swift; path = "CartViewModel+Empty.swift"; sourceTree = "<group>"; };
		995B1C5F2219384100A41176 /* PaymentInfoCell.swift */ = {isa = PBXFileReference; lastKnownFileType = sourcecode.swift; path = PaymentInfoCell.swift; sourceTree = "<group>"; };
		995D90232210023B00DCA964 /* GoogleService-Info.plist */ = {isa = PBXFileReference; fileEncoding = 4; lastKnownFileType = text.plist.xml; path = "GoogleService-Info.plist"; sourceTree = "<group>"; };
		995D903922104E9C00DCA964 /* Cart.storyboard */ = {isa = PBXFileReference; lastKnownFileType = file.storyboard; path = Cart.storyboard; sourceTree = "<group>"; };
		995D903C22104ECE00DCA964 /* CartViewController.swift */ = {isa = PBXFileReference; lastKnownFileType = sourcecode.swift; path = CartViewController.swift; sourceTree = "<group>"; };
		995D903E2210609400DCA964 /* StoreInfoCell.swift */ = {isa = PBXFileReference; lastKnownFileType = sourcecode.swift; path = StoreInfoCell.swift; sourceTree = "<group>"; };
		995D9041221062D300DCA964 /* CartModels.swift */ = {isa = PBXFileReference; lastKnownFileType = sourcecode.swift; path = CartModels.swift; sourceTree = "<group>"; };
		995D904322106DE800DCA964 /* DeliveryAddressCell.swift */ = {isa = PBXFileReference; lastKnownFileType = sourcecode.swift; path = DeliveryAddressCell.swift; sourceTree = "<group>"; };
		995D904522119D3600DCA964 /* FoodsOrderedByOthersCell.swift */ = {isa = PBXFileReference; lastKnownFileType = sourcecode.swift; path = FoodsOrderedByOthersCell.swift; sourceTree = "<group>"; };
		996F6BC72212F6690052CC36 /* CALayer+Border.swift */ = {isa = PBXFileReference; lastKnownFileType = sourcecode.swift; path = "CALayer+Border.swift"; sourceTree = "<group>"; };
		996F6BC92212F8C70052CC36 /* DependencyContainer.framework */ = {isa = PBXFileReference; explicitFileType = wrapper.framework; path = DependencyContainer.framework; sourceTree = BUILT_PRODUCTS_DIR; };
		996F6BCB2212FFF00052CC36 /* OrderBookTitleCell.swift */ = {isa = PBXFileReference; lastKnownFileType = sourcecode.swift; path = OrderBookTitleCell.swift; sourceTree = "<group>"; };
		996F6BCD221304B50052CC36 /* UITableViewCell+ViewOption.swift */ = {isa = PBXFileReference; lastKnownFileType = sourcecode.swift; path = "UITableViewCell+ViewOption.swift"; sourceTree = "<group>"; };
		996F6BD3221307650052CC36 /* OrderButton.swift */ = {isa = PBXFileReference; lastKnownFileType = sourcecode.swift; path = OrderButton.swift; sourceTree = "<group>"; };
		996F6BD5221307710052CC36 /* OrderButton.xib */ = {isa = PBXFileReference; lastKnownFileType = file.xib; path = OrderButton.xib; sourceTree = "<group>"; };
		996F6BD722145D3B0052CC36 /* OrderCell.swift */ = {isa = PBXFileReference; lastKnownFileType = sourcecode.swift; path = OrderCell.swift; sourceTree = "<group>"; };
		998A247521FF2B1500AF250D /* .swiftlint.yml */ = {isa = PBXFileReference; lastKnownFileType = text; path = .swiftlint.yml; sourceTree = "<group>"; };
		99F57914220AD07F002D792A /* Service.framework */ = {isa = PBXFileReference; explicitFileType = wrapper.framework; path = Service.framework; sourceTree = BUILT_PRODUCTS_DIR; };
		99F57930220C5A90002D792A /* ServiceInterface.framework */ = {isa = PBXFileReference; explicitFileType = wrapper.framework; path = ServiceInterface.framework; sourceTree = BUILT_PRODUCTS_DIR; };
		A2C3D32B8615DFA8A8B5DDD6 /* Pods-UberEatsTests.debug.xcconfig */ = {isa = PBXFileReference; includeInIndex = 1; lastKnownFileType = text.xcconfig; name = "Pods-UberEatsTests.debug.xcconfig"; path = "Target Support Files/Pods-UberEatsTests/Pods-UberEatsTests.debug.xcconfig"; sourceTree = "<group>"; };
		D102A6892208335E004B458C /* OrderNameCollectionReusableView.swift */ = {isa = PBXFileReference; lastKnownFileType = sourcecode.swift; path = OrderNameCollectionReusableView.swift; sourceTree = "<group>"; };
		D102A68D22083853004B458C /* SeparatorCollectionReusableView.swift */ = {isa = PBXFileReference; lastKnownFileType = sourcecode.swift; path = SeparatorCollectionReusableView.swift; sourceTree = "<group>"; };
		D107D2182215064300322379 /* SettingLocationViewController.swift */ = {isa = PBXFileReference; lastKnownFileType = sourcecode.swift; path = SettingLocationViewController.swift; sourceTree = "<group>"; };
		D107D21A22150B4100322379 /* LocationTableViewCell.swift */ = {isa = PBXFileReference; lastKnownFileType = sourcecode.swift; path = LocationTableViewCell.swift; sourceTree = "<group>"; };
		D107D21C22150E1D00322379 /* UIImageView+Init.swift */ = {isa = PBXFileReference; lastKnownFileType = sourcecode.swift; path = "UIImageView+Init.swift"; sourceTree = "<group>"; };
		D107D22022152AA100322379 /* NewAddressTableViewCell.swift */ = {isa = PBXFileReference; lastKnownFileType = sourcecode.swift; path = NewAddressTableViewCell.swift; sourceTree = "<group>"; };
		D107D22422153A6300322379 /* MomentTableViewCell.swift */ = {isa = PBXFileReference; lastKnownFileType = sourcecode.swift; path = MomentTableViewCell.swift; sourceTree = "<group>"; };
		D107D22622153A8100322379 /* LocationCellModel.swift */ = {isa = PBXFileReference; lastKnownFileType = sourcecode.swift; path = LocationCellModel.swift; sourceTree = "<group>"; };
		D107D228221541A200322379 /* MomentHeaderView.swift */ = {isa = PBXFileReference; lastKnownFileType = sourcecode.swift; path = MomentHeaderView.swift; sourceTree = "<group>"; };
		D107D22A22154DCD00322379 /* SettingLocationModel.swift */ = {isa = PBXFileReference; lastKnownFileType = sourcecode.swift; path = SettingLocationModel.swift; sourceTree = "<group>"; };
		D107D22C2215823000322379 /* ToolBarView.swift */ = {isa = PBXFileReference; lastKnownFileType = sourcecode.swift; path = ToolBarView.swift; sourceTree = "<group>"; };
		D107D22E2215875F00322379 /* CloseDelegate.swift */ = {isa = PBXFileReference; lastKnownFileType = sourcecode.swift; path = CloseDelegate.swift; sourceTree = "<group>"; };
		D1135C2F2210114C0032F103 /* DeliveryStartNoticeView.swift */ = {isa = PBXFileReference; lastKnownFileType = sourcecode.swift; path = DeliveryStartNoticeView.swift; sourceTree = "<group>"; };
		D1135C3122102C0A0032F103 /* DeliveryManInfoCollectionReusableView.swift */ = {isa = PBXFileReference; lastKnownFileType = sourcecode.swift; path = DeliveryManInfoCollectionReusableView.swift; sourceTree = "<group>"; };
		D1135C3222102C0A0032F103 /* DeliveryManInfoCollectionReusableView.xib */ = {isa = PBXFileReference; lastKnownFileType = file.xib; path = DeliveryManInfoCollectionReusableView.xib; sourceTree = "<group>"; };
		D115BBB121F9D49E00C57809 /* SearchCollectionViewCell.swift */ = {isa = PBXFileReference; lastKnownFileType = sourcecode.swift; path = SearchCollectionViewCell.swift; sourceTree = "<group>"; };
		D115BBB221F9D49E00C57809 /* SearchCollectionViewCell.xib */ = {isa = PBXFileReference; lastKnownFileType = file.xib; path = SearchCollectionViewCell.xib; sourceTree = "<group>"; };
		D115BBB521F9D66100C57809 /* TimeAndLocationCollectionViewCell.swift */ = {isa = PBXFileReference; lastKnownFileType = sourcecode.swift; path = TimeAndLocationCollectionViewCell.swift; sourceTree = "<group>"; };
		D115BBB621F9D66100C57809 /* TimeAndLocationCollectionViewCell.xib */ = {isa = PBXFileReference; lastKnownFileType = file.xib; path = TimeAndLocationCollectionViewCell.xib; sourceTree = "<group>"; };
		D118B7D22213A79E00E5A85E /* UserLocationView.swift */ = {isa = PBXFileReference; lastKnownFileType = sourcecode.swift; path = UserLocationView.swift; sourceTree = "<group>"; };
		D118B7D42213A7AE00E5A85E /* StoreLocationView.swift */ = {isa = PBXFileReference; lastKnownFileType = sourcecode.swift; path = StoreLocationView.swift; sourceTree = "<group>"; };
		D118B7D622143D3F00E5A85E /* ChangeScrollDelegate.swift */ = {isa = PBXFileReference; lastKnownFileType = sourcecode.swift; path = ChangeScrollDelegate.swift; sourceTree = "<group>"; };
		D118B7D82214424D00E5A85E /* Waltz.framework */ = {isa = PBXFileReference; explicitFileType = wrapper.framework; path = Waltz.framework; sourceTree = BUILT_PRODUCTS_DIR; };
		D11B04D7220583A100F20363 /* LocationViewController.storyboard */ = {isa = PBXFileReference; lastKnownFileType = file.storyboard; path = LocationViewController.storyboard; sourceTree = "<group>"; };
		D11B04D92205847F00F20363 /* LocationViewController.swift */ = {isa = PBXFileReference; lastKnownFileType = sourcecode.swift; path = LocationViewController.swift; sourceTree = "<group>"; };
		D1391FC3220AB2D90064FC37 /* SaleCollectionViewCell.swift */ = {isa = PBXFileReference; lastKnownFileType = sourcecode.swift; path = SaleCollectionViewCell.swift; sourceTree = "<group>"; };
		D16DAEE2220888F200564823 /* TotalPriceCollectionReusableView.swift */ = {isa = PBXFileReference; lastKnownFileType = sourcecode.swift; path = TotalPriceCollectionReusableView.swift; sourceTree = "<group>"; };
		D196FE9C220DB48100F522C8 /* LocationModel.swift */ = {isa = PBXFileReference; lastKnownFileType = sourcecode.swift; path = LocationModel.swift; sourceTree = "<group>"; };
		D199236122045BAB00C7C857 /* UIButton+Init.swift */ = {isa = PBXFileReference; lastKnownFileType = sourcecode.swift; path = "UIButton+Init.swift"; sourceTree = "<group>"; };
		D1AF1E9021F9A5A6004CA3A5 /* MenuSectionView.xib */ = {isa = PBXFileReference; fileEncoding = 4; lastKnownFileType = file.xib; path = MenuSectionView.xib; sourceTree = "<group>"; };
		D1AF1E9121F9A5A6004CA3A5 /* TempCollectionReusableView.swift */ = {isa = PBXFileReference; fileEncoding = 4; lastKnownFileType = sourcecode.swift; path = TempCollectionReusableView.swift; sourceTree = "<group>"; };
		D1AF1E9221F9A5A6004CA3A5 /* StoreTitleView.swift */ = {isa = PBXFileReference; fileEncoding = 4; lastKnownFileType = sourcecode.swift; path = StoreTitleView.swift; sourceTree = "<group>"; };
		D1AF1E9321F9A5A6004CA3A5 /* MenuCategoryCollectionViewCell.swift */ = {isa = PBXFileReference; fileEncoding = 4; lastKnownFileType = sourcecode.swift; path = MenuCategoryCollectionViewCell.swift; sourceTree = "<group>"; };
		D1AF1E9621F9A5A6004CA3A5 /* MenuSectionView.swift */ = {isa = PBXFileReference; fileEncoding = 4; lastKnownFileType = sourcecode.swift; path = MenuSectionView.swift; sourceTree = "<group>"; };
		D1AF1E9821F9A5A6004CA3A5 /* FoodCollectionViewCell.swift */ = {isa = PBXFileReference; fileEncoding = 4; lastKnownFileType = sourcecode.swift; path = FoodCollectionViewCell.swift; sourceTree = "<group>"; };
		D1AF1E9921F9A5A6004CA3A5 /* StretchyHeaderView.swift */ = {isa = PBXFileReference; fileEncoding = 4; lastKnownFileType = sourcecode.swift; path = StretchyHeaderView.swift; sourceTree = "<group>"; };
		D1AF1E9A21F9A5A6004CA3A5 /* MenuCategoryCollectionViewCell.xib */ = {isa = PBXFileReference; fileEncoding = 4; lastKnownFileType = file.xib; path = MenuCategoryCollectionViewCell.xib; sourceTree = "<group>"; };
		D1AF1EAF21F9A654004CA3A5 /* StretchyHeaderLayout.swift */ = {isa = PBXFileReference; fileEncoding = 4; lastKnownFileType = sourcecode.swift; path = StretchyHeaderLayout.swift; sourceTree = "<group>"; };
		D1B3E33522113D280043CE50 /* String+TextEstimate.swift */ = {isa = PBXFileReference; lastKnownFileType = sourcecode.swift; path = "String+TextEstimate.swift"; sourceTree = "<group>"; };
		D1BD7DBA2216B3BD00123286 /* Foodfood.swift */ = {isa = PBXFileReference; lastKnownFileType = sourcecode.swift; path = Foodfood.swift; sourceTree = "<group>"; };
		D1CC3E9B22045EAA00670675 /* FloatingView.swift */ = {isa = PBXFileReference; lastKnownFileType = sourcecode.swift; path = FloatingView.swift; sourceTree = "<group>"; };
		D1CED1BB22074759007626B4 /* OrderedMenuCollectionViewCell.swift */ = {isa = PBXFileReference; lastKnownFileType = sourcecode.swift; path = OrderedMenuCollectionViewCell.swift; sourceTree = "<group>"; };
		D1CED1BD22075039007626B4 /* OrderCheckingCollectionReusableView.swift */ = {isa = PBXFileReference; lastKnownFileType = sourcecode.swift; path = OrderCheckingCollectionReusableView.swift; sourceTree = "<group>"; };
		D1CED1BE22075039007626B4 /* OrderCheckingCollectionReusableView.xib */ = {isa = PBXFileReference; lastKnownFileType = file.xib; path = OrderCheckingCollectionReusableView.xib; sourceTree = "<group>"; };
		D1CED1C1220756C7007626B4 /* OrderCancelCollectionViewCell.swift */ = {isa = PBXFileReference; lastKnownFileType = sourcecode.swift; path = OrderCancelCollectionViewCell.swift; sourceTree = "<group>"; };
		D1EA630121FA9B1D0024CD68 /* SearchBarDelegate.swift */ = {isa = PBXFileReference; lastKnownFileType = sourcecode.swift; path = SearchBarDelegate.swift; sourceTree = "<group>"; };
		D1EA630521FAAA1F0024CD68 /* SearchViewController.swift */ = {isa = PBXFileReference; lastKnownFileType = sourcecode.swift; path = SearchViewController.swift; sourceTree = "<group>"; };
		D1F3A8F12212E606000448DD /* StoreModel.swift */ = {isa = PBXFileReference; lastKnownFileType = sourcecode.swift; path = StoreModel.swift; sourceTree = "<group>"; };
		D1F96F0121FE8D9400D79396 /* ItemSizeDelegate.swift */ = {isa = PBXFileReference; lastKnownFileType = sourcecode.swift; path = ItemSizeDelegate.swift; sourceTree = "<group>"; };
		DEC6C5CD7778A868430235B7 /* Pods-UberEats.debug.xcconfig */ = {isa = PBXFileReference; includeInIndex = 1; lastKnownFileType = text.xcconfig; name = "Pods-UberEats.debug.xcconfig"; path = "Pods/Target Support Files/Pods-UberEats/Pods-UberEats.debug.xcconfig"; sourceTree = "<group>"; };
/* End PBXFileReference section */

/* Begin PBXFrameworksBuildPhase section */
		99342CBE21FB12CF0029DB10 /* Frameworks */ = {
			isa = PBXFrameworksBuildPhase;
			buildActionMask = 2147483647;
			files = (
			);
			runOnlyForDeploymentPostprocessing = 0;
		};
		9956F7EA21F98468004E9854 /* Frameworks */ = {
			isa = PBXFrameworksBuildPhase;
			buildActionMask = 2147483647;
			files = (
				996F6BCA2212F8C70052CC36 /* DependencyContainer.framework in Frameworks */,
				84CA5ED722113487007E95FF /* ServiceInterface.framework in Frameworks */,
				847794AB22144621003EA68D /* Waltz.framework in Frameworks */,
				847794A82214461C003EA68D /* Common.framework in Frameworks */,
				847794A322144606003EA68D /* DependencyContainer.framework in Frameworks */,
				BAADD13A736367A4AF0735E9 /* Pods_UberEats.framework in Frameworks */,
			);
			runOnlyForDeploymentPostprocessing = 0;
		};
/* End PBXFrameworksBuildPhase section */

/* Begin PBXGroup section */
		0FFB9E38DDD2D4629C93313E /* Pods */ = {
			isa = PBXGroup;
			children = (
				754714E789542F3590FBCC3B /* Pods-UberEats.debug.xcconfig */,
				4125D072A68DB9E84A2993D3 /* Pods-UberEats.release.xcconfig */,
				A2C3D32B8615DFA8A8B5DDD6 /* Pods-UberEatsTests.debug.xcconfig */,
				21E5371DEE7450775E68850B /* Pods-UberEatsTests.release.xcconfig */,
				DEC6C5CD7778A868430235B7 /* Pods-UberEats.debug.xcconfig */,
				4626BB81DAD6F796D73B2CB1 /* Pods-UberEats.release.xcconfig */,
				2C582C1577D833CF963E43A5 /* Pods-UberEatsTests.debug.xcconfig */,
				6EC7DF705E1117A7299B62BC /* Pods-UberEatsTests.release.xcconfig */,
			);
			path = Pods;
			sourceTree = "<group>";
		};
		84333AC12202CD38007372DE /* Chatting */ = {
			isa = PBXGroup;
			children = (
				995D90252210026100DCA964 /* View */,
				995D90262210027E00DCA964 /* ViewController */,
				995D90272210028D00DCA964 /* Model */,
			);
			path = Chatting;
			sourceTree = "<group>";
		};
		84430498221543BC00FCFADB /* Recovered References */ = {
			isa = PBXGroup;
			children = (
				847794AA22144621003EA68D /* Waltz.framework */,
				847794A222144606003EA68D /* DependencyContainer.framework */,
				847794A522144614003EA68D /* MockServer.framework */,
			);
			name = "Recovered References";
			sourceTree = "<group>";
		};
		84DC183821F9A51D008EE6D3 /* FoodMarket */ = {
			isa = PBXGroup;
			children = (
				995D901F2210001D00DCA964 /* View */,
				995D90202210004000DCA964 /* ViewController */,
				995D90212210004C00DCA964 /* Model */,
			);
			path = FoodMarket;
			sourceTree = "<group>";
		};
		992EDCE921FDB07D006CC894 /* FoodItemDetails */ = {
			isa = PBXGroup;
			children = (
				995D901D220FFFEA00DCA964 /* View */,
				995D901E220FFFF500DCA964 /* ViewController */,
			);
			path = FoodItemDetails;
			sourceTree = "<group>";
		};
		99342CC221FB12CF0029DB10 /* UberEatsTests */ = {
			isa = PBXGroup;
			children = (
				99342CCC21FB13110029DB10 /* Utill */,
				99342CC321FB12CF0029DB10 /* UberEatsTests.swift */,
				99342CC521FB12CF0029DB10 /* Info.plist */,
			);
			path = UberEatsTests;
			sourceTree = "<group>";
		};
		99342CCB21FB12FE0029DB10 /* Utill */ = {
			isa = PBXGroup;
			children = (
				995D9017220FFEA300DCA964 /* Extension */,
				99342CCD21FB13550029DB10 /* Throttler.swift */,
				8477949E22142D3C003EA68D /* ImageNetworkManager.swift */,
				8443049922154B2000FCFADB /* FoodMarketSelectState.swift */,
			);
			path = Utill;
			sourceTree = "<group>";
		};
		99342CCC21FB13110029DB10 /* Utill */ = {
			isa = PBXGroup;
			children = (
				99342CCF21FB13790029DB10 /* ThrottlerTests.swift */,
			);
			path = Utill;
			sourceTree = "<group>";
		};
		9956F7E421F98468004E9854 = {
			isa = PBXGroup;
			children = (
				D118B7D82214424D00E5A85E /* Waltz.framework */,
				9956F7EF21F98468004E9854 /* UberEats */,
				9956F7EE21F98468004E9854 /* Products */,
				0FFB9E38DDD2D4629C93313E /* Pods */,
				A656A6A175D2C5F42392628E /* Frameworks */,
				84430498221543BC00FCFADB /* Recovered References */,
			);
			sourceTree = "<group>";
		};
		9956F7EE21F98468004E9854 /* Products */ = {
			isa = PBXGroup;
			children = (
				9956F7ED21F98468004E9854 /* UberEats.app */,
				99342CC121FB12CF0029DB10 /* UberEatsTests.xctest */,
			);
			name = Products;
			sourceTree = "<group>";
		};
		9956F7EF21F98468004E9854 /* UberEats */ = {
			isa = PBXGroup;
			children = (
				995D901C220FFFA600DCA964 /* Scene */,
				99342CCB21FB12FE0029DB10 /* Utill */,
				995D9028221002B200DCA964 /* SupportFiles */,
				9956F7FE21F98468004E9854 /* Info.plist */,
			);
			path = UberEats;
			sourceTree = "<group>";
		};
		995B1C5922192C7500A41176 /* CustomView */ = {
			isa = PBXGroup;
			children = (
				996F6BD3221307650052CC36 /* OrderButton.swift */,
				996F6BD5221307710052CC36 /* OrderButton.xib */,
			);
			path = CustomView;
			sourceTree = "<group>";
		};
		995B1C5C2219347500A41176 /* Extension */ = {
			isa = PBXGroup;
			children = (
				995B1C5D2219348700A41176 /* CartViewModel+Empty.swift */,
			);
			path = Extension;
			sourceTree = "<group>";
		};
		995D9017220FFEA300DCA964 /* Extension */ = {
			isa = PBXGroup;
			children = (
				84ADDE2821FF1F7E004A286E /* UIDevice+Extension.swift */,
				D1B3E33522113D280043CE50 /* String+TextEstimate.swift */,
				996F6BC72212F6690052CC36 /* CALayer+Border.swift */,
				996F6BCD221304B50052CC36 /* UITableViewCell+ViewOption.swift */,
				D107D21C22150E1D00322379 /* UIImageView+Init.swift */,
				995B1C5A22192DC300A41176 /* UiView+UtillForCustomView.swift */,
			);
			path = Extension;
			sourceTree = "<group>";
		};
		995D9018220FFEBF00DCA964 /* ViewController */ = {
			isa = PBXGroup;
			children = (
				D118B7D622143D3F00E5A85E /* ChangeScrollDelegate.swift */,
				D11B04D92205847F00F20363 /* LocationViewController.swift */,
			);
			path = ViewController;
			sourceTree = "<group>";
		};
		995D9019220FFEF200DCA964 /* View */ = {
			isa = PBXGroup;
			children = (
				D11B04D7220583A100F20363 /* LocationViewController.storyboard */,
				D1391FC3220AB2D90064FC37 /* SaleCollectionViewCell.swift */,
				D1CED1BB22074759007626B4 /* OrderedMenuCollectionViewCell.swift */,
				D1CED1BD22075039007626B4 /* OrderCheckingCollectionReusableView.swift */,
				D1CED1BE22075039007626B4 /* OrderCheckingCollectionReusableView.xib */,
				D1CED1C1220756C7007626B4 /* OrderCancelCollectionViewCell.swift */,
				D102A6892208335E004B458C /* OrderNameCollectionReusableView.swift */,
				D102A68D22083853004B458C /* SeparatorCollectionReusableView.swift */,
				D16DAEE2220888F200564823 /* TotalPriceCollectionReusableView.swift */,
				D1135C2F2210114C0032F103 /* DeliveryStartNoticeView.swift */,
				D1135C3122102C0A0032F103 /* DeliveryManInfoCollectionReusableView.swift */,
				D1135C3222102C0A0032F103 /* DeliveryManInfoCollectionReusableView.xib */,
				D118B7D22213A79E00E5A85E /* UserLocationView.swift */,
				D118B7D42213A7AE00E5A85E /* StoreLocationView.swift */,
			);
			path = View;
			sourceTree = "<group>";
		};
		995D901B220FFF3A00DCA964 /* Model */ = {
			isa = PBXGroup;
			children = (
				D196FE9C220DB48100F522C8 /* LocationModel.swift */,
			);
			path = Model;
			sourceTree = "<group>";
		};
		995D901C220FFFA600DCA964 /* Scene */ = {
			isa = PBXGroup;
			children = (
				995D902B22103FBC00DCA964 /* Cart */,
				995D902A221002FA00DCA964 /* Main */,
				D107D214221505F200322379 /* SettingLocation */,
				84333AC12202CD38007372DE /* Chatting */,
				D1AF1E8F21F9A5A6004CA3A5 /* SelectMenu */,
				992EDCE921FDB07D006CC894 /* FoodItemDetails */,
				D11B04D62205836900F20363 /* DeliveryLocation */,
				84DC183821F9A51D008EE6D3 /* FoodMarket */,
			);
			path = Scene;
			sourceTree = "<group>";
		};
		995D901D220FFFEA00DCA964 /* View */ = {
			isa = PBXGroup;
			children = (
				992EDCEA21FDB0A7006CC894 /* FoodItemDetails.storyboard */,
				992EDCEE21FDB11B006CC894 /* FoodItemDetailsCell.swift */,
			);
			path = View;
			sourceTree = "<group>";
		};
		995D901E220FFFF500DCA964 /* ViewController */ = {
			isa = PBXGroup;
			children = (
				992EDCEC21FDB0C6006CC894 /* FoodItemDetailsViewController.swift */,
			);
			path = ViewController;
			sourceTree = "<group>";
		};
		995D901F2210001D00DCA964 /* View */ = {
			isa = PBXGroup;
			children = (
				84FB11A822017A90002C5F46 /* SeeMoreRestTableViewCell.swift */,
				84FB11A922017A90002C5F46 /* SeeMoreRestTableViewCell.xib */,
				84DC183A21F9A51D008EE6D3 /* RecommendCollectionViewCell.swift */,
				84DC183E21F9A51D008EE6D3 /* RecommendCollectionViewCell.xib */,
				84DC183B21F9A51D008EE6D3 /* ExpectTimeCollectionViewCell.swift */,
				84DC183921F9A51D008EE6D3 /* ExpectTimeCollectionViewCell.xib */,
				84DC183D21F9A51D008EE6D3 /* TableViewCell.swift */,
				84DC184021F9A51D008EE6D3 /* TableViewCell.xib */,
				84DC184B21F9AD3D008EE6D3 /* NewRestCollectionViewCell.swift */,
				84DC184C21F9AD3D008EE6D3 /* NewRestCollectionViewCell.xib */,
				84DC183C21F9A51D008EE6D3 /* NearestCollectionViewCell.swift */,
				84DC183F21F9A51D008EE6D3 /* NearestCollectionViewCell.xib */,
				84DC184F21F9AD7C008EE6D3 /* ItemView.storyboard */,
				99342CC221FB12CF0029DB10 /* UberEatsTests */,
			);
			path = View;
			sourceTree = "<group>";
		};
		995D90202210004000DCA964 /* ViewController */ = {
			isa = PBXGroup;
			children = (
				84DC184921F9ACE0008EE6D3 /* ItemViewController.swift */,
			);
			path = ViewController;
			sourceTree = "<group>";
		};
		995D90212210004C00DCA964 /* Model */ = {
			isa = PBXGroup;
			children = (
				84FB11AC2202994F002C5F46 /* SectionEnum.swift */,
			);
			path = Model;
			sourceTree = "<group>";
		};
		995D90222210007700DCA964 /* Extensions */ = {
			isa = PBXGroup;
			children = (
				D199236122045BAB00C7C857 /* UIButton+Init.swift */,
			);
			path = Extensions;
			sourceTree = "<group>";
		};
		995D90252210026100DCA964 /* View */ = {
			isa = PBXGroup;
			children = (
				84333AC42202CDB5007372DE /* Chatting.storyboard */,
				843B0519220405540082FEFF /* ChatMessageCell.swift */,
			);
			path = View;
			sourceTree = "<group>";
		};
		995D90262210027E00DCA964 /* ViewController */ = {
			isa = PBXGroup;
			children = (
				84333AC22202CDA3007372DE /* ChattingViewController.swift */,
			);
			path = ViewController;
			sourceTree = "<group>";
		};
		995D90272210028D00DCA964 /* Model */ = {
			isa = PBXGroup;
			children = (
				843B05112203D9240082FEFF /* FirebaseSingleton.swift */,
				843B05172203E6F40082FEFF /* ChatModel.swift */,
				84604F202205928100212A00 /* Message.swift */,
			);
			path = Model;
			sourceTree = "<group>";
		};
		995D9028221002B200DCA964 /* SupportFiles */ = {
			isa = PBXGroup;
			children = (
				9956F7F021F98468004E9854 /* AppDelegate.swift */,
				9956F7F621F98468004E9854 /* Main.storyboard */,
				9956F7F921F98468004E9854 /* Assets.xcassets */,
				9956F7FB21F98468004E9854 /* LaunchScreen.storyboard */,
				995D90232210023B00DCA964 /* GoogleService-Info.plist */,
				998A247521FF2B1500AF250D /* .swiftlint.yml */,
			);
			path = SupportFiles;
			sourceTree = "<group>";
		};
		995D902A221002FA00DCA964 /* Main */ = {
			isa = PBXGroup;
			children = (
				84DC185321F9C426008EE6D3 /* TabBarVC.swift */,
			);
			path = Main;
			sourceTree = "<group>";
		};
		995D902B22103FBC00DCA964 /* Cart */ = {
			isa = PBXGroup;
			children = (
				995D903822104E9000DCA964 /* View */,
				995D903B22104EA000DCA964 /* ViewController */,
				995D9040221062B300DCA964 /* Model */,
				995B1C5C2219347500A41176 /* Extension */,
			);
			path = Cart;
			sourceTree = "<group>";
		};
		995D903822104E9000DCA964 /* View */ = {
			isa = PBXGroup;
			children = (
				995B1C5922192C7500A41176 /* CustomView */,
				995D903922104E9C00DCA964 /* Cart.storyboard */,
				995D904322106DE800DCA964 /* DeliveryAddressCell.swift */,
				995D903E2210609400DCA964 /* StoreInfoCell.swift */,
				995D904522119D3600DCA964 /* FoodsOrderedByOthersCell.swift */,
				996F6BCB2212FFF00052CC36 /* OrderBookTitleCell.swift */,
				996F6BD722145D3B0052CC36 /* OrderCell.swift */,
				995B1C4522152BF100A41176 /* MemoCell.swift */,
				995B1C5F2219384100A41176 /* PaymentInfoCell.swift */,
			);
			path = View;
			sourceTree = "<group>";
		};
		995D903B22104EA000DCA964 /* ViewController */ = {
			isa = PBXGroup;
			children = (
				995D903C22104ECE00DCA964 /* CartViewController.swift */,
			);
			path = ViewController;
			sourceTree = "<group>";
		};
		995D9040221062B300DCA964 /* Model */ = {
			isa = PBXGroup;
			children = (
				995D9041221062D300DCA964 /* CartModels.swift */,
			);
			path = Model;
			sourceTree = "<group>";
		};
		A656A6A175D2C5F42392628E /* Frameworks */ = {
			isa = PBXGroup;
			children = (
				996F6BC92212F8C70052CC36 /* DependencyContainer.framework */,
				99F57930220C5A90002D792A /* ServiceInterface.framework */,
				84CCFCF4220B038600F4A4EF /* Common.framework */,
				99F57914220AD07F002D792A /* Service.framework */,
				3F6506E59626E3060BF7CD65 /* Pods_UberEats.framework */,
			);
			name = Frameworks;
			sourceTree = "<group>";
		};
		D107D214221505F200322379 /* SettingLocation */ = {
			isa = PBXGroup;
			children = (
				D107D2152215061400322379 /* View */,
				D107D2162215061E00322379 /* ViewController */,
				D107D2172215062700322379 /* Model */,
			);
			path = SettingLocation;
			sourceTree = "<group>";
		};
		D107D2152215061400322379 /* View */ = {
			isa = PBXGroup;
			children = (
				D107D21A22150B4100322379 /* LocationTableViewCell.swift */,
				D107D22022152AA100322379 /* NewAddressTableViewCell.swift */,
				D107D22422153A6300322379 /* MomentTableViewCell.swift */,
				D107D228221541A200322379 /* MomentHeaderView.swift */,
				D107D22C2215823000322379 /* ToolBarView.swift */,
			);
			path = View;
			sourceTree = "<group>";
		};
		D107D2162215061E00322379 /* ViewController */ = {
			isa = PBXGroup;
			children = (
				D107D2182215064300322379 /* SettingLocationViewController.swift */,
				D107D22E2215875F00322379 /* CloseDelegate.swift */,
			);
			path = ViewController;
			sourceTree = "<group>";
		};
		D107D2172215062700322379 /* Model */ = {
			isa = PBXGroup;
			children = (
				D107D22622153A8100322379 /* LocationCellModel.swift */,
				D107D22A22154DCD00322379 /* SettingLocationModel.swift */,
			);
			path = Model;
			sourceTree = "<group>";
		};
		D11B04D62205836900F20363 /* DeliveryLocation */ = {
			isa = PBXGroup;
			children = (
				995D9019220FFEF200DCA964 /* View */,
				995D9018220FFEBF00DCA964 /* ViewController */,
				995D901B220FFF3A00DCA964 /* Model */,
			);
			path = DeliveryLocation;
			sourceTree = "<group>";
		};
		D1AF1E8F21F9A5A6004CA3A5 /* SelectMenu */ = {
			isa = PBXGroup;
			children = (
				995D90222210007700DCA964 /* Extensions */,
				D1F96EFD21FE8CD100D79396 /* View */,
				D1F96EFE21FE8CEB00D79396 /* ViewController */,
				D1F96EFF21FE8CF200D79396 /* Model */,
			);
			path = SelectMenu;
			sourceTree = "<group>";
		};
		D1F96EFD21FE8CD100D79396 /* View */ = {
			isa = PBXGroup;
			children = (
				D1AF1EAF21F9A654004CA3A5 /* StretchyHeaderLayout.swift */,
				D1AF1E9621F9A5A6004CA3A5 /* MenuSectionView.swift */,
				D1AF1E9021F9A5A6004CA3A5 /* MenuSectionView.xib */,
				D1AF1E9121F9A5A6004CA3A5 /* TempCollectionReusableView.swift */,
				D1AF1E9221F9A5A6004CA3A5 /* StoreTitleView.swift */,
				D1AF1E9821F9A5A6004CA3A5 /* FoodCollectionViewCell.swift */,
				D1AF1E9921F9A5A6004CA3A5 /* StretchyHeaderView.swift */,
				D1AF1E9321F9A5A6004CA3A5 /* MenuCategoryCollectionViewCell.swift */,
				D1AF1E9A21F9A5A6004CA3A5 /* MenuCategoryCollectionViewCell.xib */,
				D115BBB121F9D49E00C57809 /* SearchCollectionViewCell.swift */,
				D115BBB221F9D49E00C57809 /* SearchCollectionViewCell.xib */,
				D115BBB521F9D66100C57809 /* TimeAndLocationCollectionViewCell.swift */,
				D115BBB621F9D66100C57809 /* TimeAndLocationCollectionViewCell.xib */,
				D1CC3E9B22045EAA00670675 /* FloatingView.swift */,
			);
			path = View;
			sourceTree = "<group>";
		};
		D1F96EFE21FE8CEB00D79396 /* ViewController */ = {
			isa = PBXGroup;
			children = (
				D1F96F0121FE8D9400D79396 /* ItemSizeDelegate.swift */,
				D1EA630121FA9B1D0024CD68 /* SearchBarDelegate.swift */,
				D1EA630521FAAA1F0024CD68 /* SearchViewController.swift */,
				842CC7B821FEBC100045D084 /* StoreCollectionViewController.swift */,
			);
			path = ViewController;
			sourceTree = "<group>";
		};
		D1F96EFF21FE8CF200D79396 /* Model */ = {
			isa = PBXGroup;
			children = (
				D1F3A8F12212E606000448DD /* StoreModel.swift */,
				D1BD7DBA2216B3BD00123286 /* Foodfood.swift */,
			);
			path = Model;
			sourceTree = "<group>";
		};
/* End PBXGroup section */

/* Begin PBXNativeTarget section */
		99342CC021FB12CF0029DB10 /* UberEatsTests */ = {
			isa = PBXNativeTarget;
			buildConfigurationList = 99342CCA21FB12CF0029DB10 /* Build configuration list for PBXNativeTarget "UberEatsTests" */;
			buildPhases = (
				83C0C5C80FE3A31B9CCD2338 /* [CP] Check Pods Manifest.lock */,
				99342CBD21FB12CF0029DB10 /* Sources */,
				99342CBE21FB12CF0029DB10 /* Frameworks */,
				99342CBF21FB12CF0029DB10 /* Resources */,
			);
			buildRules = (
			);
			dependencies = (
				99342CC721FB12CF0029DB10 /* PBXTargetDependency */,
			);
			name = UberEatsTests;
			productName = UberEatsTests;
			productReference = 99342CC121FB12CF0029DB10 /* UberEatsTests.xctest */;
			productType = "com.apple.product-type.bundle.unit-test";
		};
		9956F7EC21F98468004E9854 /* UberEats */ = {
			isa = PBXNativeTarget;
			buildConfigurationList = 9956F80121F98468004E9854 /* Build configuration list for PBXNativeTarget "UberEats" */;
			buildPhases = (
				5486B49BBB49C3F4B9EC8919 /* [CP] Check Pods Manifest.lock */,
				9956F7E921F98468004E9854 /* Sources */,
				9956F7EA21F98468004E9854 /* Frameworks */,
				9956F7EB21F98468004E9854 /* Resources */,
				998A247221FF27E200AF250D /* ShellScript */,
				46A94EBC4DF57530E532C692 /* [CP] Embed Pods Frameworks */,
				EA8A779FD3DFD84A6E2EF7C5 /* [CP] Copy Pods Resources */,
				84CA5ED32211347E007E95FF /* Embed Frameworks */,
			);
			buildRules = (
			);
			dependencies = (
			);
			name = UberEats;
			productName = UberEats;
			productReference = 9956F7ED21F98468004E9854 /* UberEats.app */;
			productType = "com.apple.product-type.application";
		};
/* End PBXNativeTarget section */

/* Begin PBXProject section */
		9956F7E521F98468004E9854 /* Project object */ = {
			isa = PBXProject;
			attributes = {
				LastSwiftUpdateCheck = 1010;
				LastUpgradeCheck = 1010;
				ORGANIZATIONNAME = "team-b1";
				TargetAttributes = {
					99342CC021FB12CF0029DB10 = {
						CreatedOnToolsVersion = 10.1;
						TestTargetID = 9956F7EC21F98468004E9854;
					};
					9956F7EC21F98468004E9854 = {
						CreatedOnToolsVersion = 10.1;
					};
				};
			};
			buildConfigurationList = 9956F7E821F98468004E9854 /* Build configuration list for PBXProject "UberEats" */;
			compatibilityVersion = "Xcode 9.3";
			developmentRegion = en;
			hasScannedForEncodings = 0;
			knownRegions = (
				en,
				Base,
			);
			mainGroup = 9956F7E421F98468004E9854;
			productRefGroup = 9956F7EE21F98468004E9854 /* Products */;
			projectDirPath = "";
			projectRoot = "";
			targets = (
				9956F7EC21F98468004E9854 /* UberEats */,
				99342CC021FB12CF0029DB10 /* UberEatsTests */,
			);
		};
/* End PBXProject section */

/* Begin PBXResourcesBuildPhase section */
		99342CBF21FB12CF0029DB10 /* Resources */ = {
			isa = PBXResourcesBuildPhase;
			buildActionMask = 2147483647;
			files = (
			);
			runOnlyForDeploymentPostprocessing = 0;
		};
		9956F7EB21F98468004E9854 /* Resources */ = {
			isa = PBXResourcesBuildPhase;
			buildActionMask = 2147483647;
			files = (
				D1135C3422102C0A0032F103 /* DeliveryManInfoCollectionReusableView.xib in Resources */,
				998A247621FF2B1500AF250D /* .swiftlint.yml in Resources */,
				D11B04D8220583A100F20363 /* LocationViewController.storyboard in Resources */,
				84DC184121F9A51D008EE6D3 /* ExpectTimeCollectionViewCell.xib in Resources */,
				D1CED1C022075039007626B4 /* OrderCheckingCollectionReusableView.xib in Resources */,
				D115BBB821F9D66100C57809 /* TimeAndLocationCollectionViewCell.xib in Resources */,
				9956F7FD21F98468004E9854 /* LaunchScreen.storyboard in Resources */,
				9956F7FA21F98468004E9854 /* Assets.xcassets in Resources */,
				D115BBB421F9D49E00C57809 /* SearchCollectionViewCell.xib in Resources */,
				84333AC52202CDB5007372DE /* Chatting.storyboard in Resources */,
				992EDCEB21FDB0A7006CC894 /* FoodItemDetails.storyboard in Resources */,
				D1AF1E9D21F9A5A6004CA3A5 /* MenuSectionView.xib in Resources */,
				84DC184721F9A51D008EE6D3 /* NearestCollectionViewCell.xib in Resources */,
				84DC184821F9A51D008EE6D3 /* TableViewCell.xib in Resources */,
				995D903A22104E9C00DCA964 /* Cart.storyboard in Resources */,
				84DC184621F9A51D008EE6D3 /* RecommendCollectionViewCell.xib in Resources */,
				996F6BD6221307710052CC36 /* OrderButton.xib in Resources */,
				9956F7F821F98468004E9854 /* Main.storyboard in Resources */,
				84DC185021F9AD7C008EE6D3 /* ItemView.storyboard in Resources */,
				84DC184E21F9AD3D008EE6D3 /* NewRestCollectionViewCell.xib in Resources */,
				995D90242210023C00DCA964 /* GoogleService-Info.plist in Resources */,
				84FB11AB22017A90002C5F46 /* SeeMoreRestTableViewCell.xib in Resources */,
				D1AF1EA721F9A5A6004CA3A5 /* MenuCategoryCollectionViewCell.xib in Resources */,
			);
			runOnlyForDeploymentPostprocessing = 0;
		};
/* End PBXResourcesBuildPhase section */

/* Begin PBXShellScriptBuildPhase section */
		46A94EBC4DF57530E532C692 /* [CP] Embed Pods Frameworks */ = {
			isa = PBXShellScriptBuildPhase;
			buildActionMask = 2147483647;
			files = (
			);
			inputFileListPaths = (
			);
			inputPaths = (
				"${PODS_ROOT}/Target Support Files/Pods-UberEats/Pods-UberEats-frameworks.sh",
				"${BUILT_PRODUCTS_DIR}/GTMSessionFetcher/GTMSessionFetcher.framework",
				"${BUILT_PRODUCTS_DIR}/GoogleUtilities/GoogleUtilities.framework",
				"${BUILT_PRODUCTS_DIR}/leveldb-library/leveldb.framework",
				"${BUILT_PRODUCTS_DIR}/nanopb/nanopb.framework",
			);
			name = "[CP] Embed Pods Frameworks";
			outputFileListPaths = (
			);
			outputPaths = (
				"${TARGET_BUILD_DIR}/${FRAMEWORKS_FOLDER_PATH}/GTMSessionFetcher.framework",
				"${TARGET_BUILD_DIR}/${FRAMEWORKS_FOLDER_PATH}/GoogleUtilities.framework",
				"${TARGET_BUILD_DIR}/${FRAMEWORKS_FOLDER_PATH}/leveldb.framework",
				"${TARGET_BUILD_DIR}/${FRAMEWORKS_FOLDER_PATH}/nanopb.framework",
			);
			runOnlyForDeploymentPostprocessing = 0;
			shellPath = /bin/sh;
			shellScript = "\"${PODS_ROOT}/Target Support Files/Pods-UberEats/Pods-UberEats-frameworks.sh\"\n";
			showEnvVarsInLog = 0;
		};
		5486B49BBB49C3F4B9EC8919 /* [CP] Check Pods Manifest.lock */ = {
			isa = PBXShellScriptBuildPhase;
			buildActionMask = 2147483647;
			files = (
			);
			inputFileListPaths = (
			);
			inputPaths = (
				"${PODS_PODFILE_DIR_PATH}/Podfile.lock",
				"${PODS_ROOT}/Manifest.lock",
			);
			name = "[CP] Check Pods Manifest.lock";
			outputFileListPaths = (
			);
			outputPaths = (
				"$(DERIVED_FILE_DIR)/Pods-UberEats-checkManifestLockResult.txt",
			);
			runOnlyForDeploymentPostprocessing = 0;
			shellPath = /bin/sh;
			shellScript = "diff \"${PODS_PODFILE_DIR_PATH}/Podfile.lock\" \"${PODS_ROOT}/Manifest.lock\" > /dev/null\nif [ $? != 0 ] ; then\n    # print error to STDERR\n    echo \"error: The sandbox is not in sync with the Podfile.lock. Run 'pod install' or update your CocoaPods installation.\" >&2\n    exit 1\nfi\n# This output is used by Xcode 'outputs' to avoid re-running this script phase.\necho \"SUCCESS\" > \"${SCRIPT_OUTPUT_FILE_0}\"\n";
			showEnvVarsInLog = 0;
		};
		83C0C5C80FE3A31B9CCD2338 /* [CP] Check Pods Manifest.lock */ = {
			isa = PBXShellScriptBuildPhase;
			buildActionMask = 2147483647;
			files = (
			);
			inputFileListPaths = (
			);
			inputPaths = (
				"${PODS_PODFILE_DIR_PATH}/Podfile.lock",
				"${PODS_ROOT}/Manifest.lock",
			);
			name = "[CP] Check Pods Manifest.lock";
			outputFileListPaths = (
			);
			outputPaths = (
				"$(DERIVED_FILE_DIR)/Pods-UberEatsTests-checkManifestLockResult.txt",
			);
			runOnlyForDeploymentPostprocessing = 0;
			shellPath = /bin/sh;
			shellScript = "diff \"${PODS_PODFILE_DIR_PATH}/Podfile.lock\" \"${PODS_ROOT}/Manifest.lock\" > /dev/null\nif [ $? != 0 ] ; then\n    # print error to STDERR\n    echo \"error: The sandbox is not in sync with the Podfile.lock. Run 'pod install' or update your CocoaPods installation.\" >&2\n    exit 1\nfi\n# This output is used by Xcode 'outputs' to avoid re-running this script phase.\necho \"SUCCESS\" > \"${SCRIPT_OUTPUT_FILE_0}\"\n";
			showEnvVarsInLog = 0;
		};
		998A247221FF27E200AF250D /* ShellScript */ = {
			isa = PBXShellScriptBuildPhase;
			buildActionMask = 2147483647;
			files = (
			);
			inputFileListPaths = (
			);
			inputPaths = (
			);
			outputFileListPaths = (
			);
			outputPaths = (
			);
			runOnlyForDeploymentPostprocessing = 0;
			shellPath = /bin/sh;
			shellScript = "# Type a script or drag a script file from your workspace to insert its path.\n${PODS_ROOT}/SwiftLint/swiftlint autocorrect\n";
		};
		EA8A779FD3DFD84A6E2EF7C5 /* [CP] Copy Pods Resources */ = {
			isa = PBXShellScriptBuildPhase;
			buildActionMask = 2147483647;
			files = (
			);
			inputFileListPaths = (
			);
			inputPaths = (
				"${PODS_ROOT}/Target Support Files/Pods-UberEats/Pods-UberEats-resources.sh",
				"${PODS_ROOT}/GoogleMaps/Maps/Frameworks/GoogleMaps.framework/Resources/GoogleMaps.bundle",
				"${PODS_ROOT}/GooglePlaces/Frameworks/GooglePlaces.framework/Resources/GooglePlaces.bundle",
			);
			name = "[CP] Copy Pods Resources";
			outputFileListPaths = (
			);
			outputPaths = (
				"${TARGET_BUILD_DIR}/${UNLOCALIZED_RESOURCES_FOLDER_PATH}/GoogleMaps.bundle",
				"${TARGET_BUILD_DIR}/${UNLOCALIZED_RESOURCES_FOLDER_PATH}/GooglePlaces.bundle",
			);
			runOnlyForDeploymentPostprocessing = 0;
			shellPath = /bin/sh;
			shellScript = "\"${PODS_ROOT}/Target Support Files/Pods-UberEats/Pods-UberEats-resources.sh\"\n";
			showEnvVarsInLog = 0;
		};
/* End PBXShellScriptBuildPhase section */

/* Begin PBXSourcesBuildPhase section */
		99342CBD21FB12CF0029DB10 /* Sources */ = {
			isa = PBXSourcesBuildPhase;
			buildActionMask = 2147483647;
			files = (
				99342CD021FB13790029DB10 /* ThrottlerTests.swift in Sources */,
				99342CC421FB12CF0029DB10 /* UberEatsTests.swift in Sources */,
			);
			runOnlyForDeploymentPostprocessing = 0;
		};
		9956F7E921F98468004E9854 /* Sources */ = {
			isa = PBXSourcesBuildPhase;
			buildActionMask = 2147483647;
			files = (
				D1AF1EA521F9A5A6004CA3A5 /* FoodCollectionViewCell.swift in Sources */,
				D107D22722153A8100322379 /* LocationCellModel.swift in Sources */,
				995D903F2210609400DCA964 /* StoreInfoCell.swift in Sources */,
				992EDCEF21FDB11B006CC894 /* FoodItemDetailsCell.swift in Sources */,
				84FB11AD2202994F002C5F46 /* SectionEnum.swift in Sources */,
				D107D22122152AA100322379 /* NewAddressTableViewCell.swift in Sources */,
				84DC184521F9A51D008EE6D3 /* TableViewCell.swift in Sources */,
				84ADDE2921FF1F7E004A286E /* UIDevice+Extension.swift in Sources */,
				84DC184321F9A51D008EE6D3 /* ExpectTimeCollectionViewCell.swift in Sources */,
				84DC184A21F9ACE0008EE6D3 /* ItemViewController.swift in Sources */,
				995D903D22104ECE00DCA964 /* CartViewController.swift in Sources */,
				995D904622119D3600DCA964 /* FoodsOrderedByOthersCell.swift in Sources */,
				8477949F22142D3D003EA68D /* ImageNetworkManager.swift in Sources */,
				D1CED1C2220756C7007626B4 /* OrderCancelCollectionViewCell.swift in Sources */,
				D107D22F2215875F00322379 /* CloseDelegate.swift in Sources */,
				84333AC32202CDA3007372DE /* ChattingViewController.swift in Sources */,
				D1F96F0221FE8D9400D79396 /* ItemSizeDelegate.swift in Sources */,
				D1AF1EB021F9A654004CA3A5 /* StretchyHeaderLayout.swift in Sources */,
				D196FE9D220DB48100F522C8 /* LocationModel.swift in Sources */,
				995D904422106DE800DCA964 /* DeliveryAddressCell.swift in Sources */,
				D1391FC4220AB2D90064FC37 /* SaleCollectionViewCell.swift in Sources */,
				D118B7D52213A7AE00E5A85E /* StoreLocationView.swift in Sources */,
				995B1C5E2219348700A41176 /* CartViewModel+Empty.swift in Sources */,
				D1391FC4220AB2D90064FC37 /* SaleCollectionViewCell.swift in Sources */,
				D1B3E33622113D280043CE50 /* String+TextEstimate.swift in Sources */,
				D1CC3E9C22045EAA00670675 /* FloatingView.swift in Sources */,
				D107D21D22150E1D00322379 /* UIImageView+Init.swift in Sources */,
				D1EA630621FAAA1F0024CD68 /* SearchViewController.swift in Sources */,
				D115BBB721F9D66100C57809 /* TimeAndLocationCollectionViewCell.swift in Sources */,
				D1135C302210114C0032F103 /* DeliveryStartNoticeView.swift in Sources */,
				D107D22D2215823000322379 /* ToolBarView.swift in Sources */,
				84DC185421F9C426008EE6D3 /* TabBarVC.swift in Sources */,
				D107D229221541A200322379 /* MomentHeaderView.swift in Sources */,
				D115BBB321F9D49E00C57809 /* SearchCollectionViewCell.swift in Sources */,
				D107D22522153A6300322379 /* MomentTableViewCell.swift in Sources */,
				D1CED1BF22075039007626B4 /* OrderCheckingCollectionReusableView.swift in Sources */,
				D1AF1EA021F9A5A6004CA3A5 /* MenuCategoryCollectionViewCell.swift in Sources */,
				842CC7B921FEBC100045D084 /* StoreCollectionViewController.swift in Sources */,
				996F6BD4221307650052CC36 /* OrderButton.swift in Sources */,
				D1BD7DBB2216B3BD00123286 /* Foodfood.swift in Sources */,
				D1EA630221FA9B1D0024CD68 /* SearchBarDelegate.swift in Sources */,
				995B1C4622152BF100A41176 /* MemoCell.swift in Sources */,
				995B1C5B22192DC300A41176 /* UiView+UtillForCustomView.swift in Sources */,
				D1AF1E9F21F9A5A6004CA3A5 /* StoreTitleView.swift in Sources */,
				84DC184D21F9AD3D008EE6D3 /* NewRestCollectionViewCell.swift in Sources */,
				84604F212205928100212A00 /* Message.swift in Sources */,
				843B05182203E6F40082FEFF /* ChatModel.swift in Sources */,
				9956F7F121F98468004E9854 /* AppDelegate.swift in Sources */,
				D107D22B22154DCD00322379 /* SettingLocationModel.swift in Sources */,
				84FB11AA22017A90002C5F46 /* SeeMoreRestTableViewCell.swift in Sources */,
				D1AF1EA621F9A5A6004CA3A5 /* StretchyHeaderView.swift in Sources */,
				996F6BC82212F6690052CC36 /* CALayer+Border.swift in Sources */,
				995D9042221062D300DCA964 /* CartModels.swift in Sources */,
				D102A68E22083853004B458C /* SeparatorCollectionReusableView.swift in Sources */,
				843B051A220405540082FEFF /* ChatMessageCell.swift in Sources */,
				D16DAEE3220888F200564823 /* TotalPriceCollectionReusableView.swift in Sources */,
				996F6BCE221304B50052CC36 /* UITableViewCell+ViewOption.swift in Sources */,
				D107D2192215064300322379 /* SettingLocationViewController.swift in Sources */,
				D1135C3322102C0A0032F103 /* DeliveryManInfoCollectionReusableView.swift in Sources */,
				D1AF1E9E21F9A5A6004CA3A5 /* TempCollectionReusableView.swift in Sources */,
				D1AF1EA321F9A5A6004CA3A5 /* MenuSectionView.swift in Sources */,
				996F6BD822145D3B0052CC36 /* OrderCell.swift in Sources */,
				99342CCE21FB13550029DB10 /* Throttler.swift in Sources */,
				D11B04DA2205847F00F20363 /* LocationViewController.swift in Sources */,
				995B1C602219384100A41176 /* PaymentInfoCell.swift in Sources */,
				D199236222045BAB00C7C857 /* UIButton+Init.swift in Sources */,
				D1F3A8F22212E606000448DD /* StoreModel.swift in Sources */,
				D102A68A2208335E004B458C /* OrderNameCollectionReusableView.swift in Sources */,
				992EDCED21FDB0C6006CC894 /* FoodItemDetailsViewController.swift in Sources */,
				843B05122203D9240082FEFF /* FirebaseSingleton.swift in Sources */,
				996F6BCC2212FFF00052CC36 /* OrderBookTitleCell.swift in Sources */,
				84DC184221F9A51D008EE6D3 /* RecommendCollectionViewCell.swift in Sources */,
				D118B7D32213A79E00E5A85E /* UserLocationView.swift in Sources */,
				84DC184421F9A51D008EE6D3 /* NearestCollectionViewCell.swift in Sources */,
				D107D21B22150B4200322379 /* LocationTableViewCell.swift in Sources */,
				D118B7D722143D3F00E5A85E /* ChangeScrollDelegate.swift in Sources */,
				8443049A22154B2000FCFADB /* FoodMarketSelectState.swift in Sources */,
				D1CED1BC22074759007626B4 /* OrderedMenuCollectionViewCell.swift in Sources */,
			);
			runOnlyForDeploymentPostprocessing = 0;
		};
/* End PBXSourcesBuildPhase section */

/* Begin PBXTargetDependency section */
		99342CC721FB12CF0029DB10 /* PBXTargetDependency */ = {
			isa = PBXTargetDependency;
			target = 9956F7EC21F98468004E9854 /* UberEats */;
			targetProxy = 99342CC621FB12CF0029DB10 /* PBXContainerItemProxy */;
		};
/* End PBXTargetDependency section */

/* Begin PBXVariantGroup section */
		9956F7F621F98468004E9854 /* Main.storyboard */ = {
			isa = PBXVariantGroup;
			children = (
				9956F7F721F98468004E9854 /* Base */,
			);
			name = Main.storyboard;
			sourceTree = "<group>";
		};
		9956F7FB21F98468004E9854 /* LaunchScreen.storyboard */ = {
			isa = PBXVariantGroup;
			children = (
				9956F7FC21F98468004E9854 /* Base */,
			);
			name = LaunchScreen.storyboard;
			sourceTree = "<group>";
		};
/* End PBXVariantGroup section */

/* Begin XCBuildConfiguration section */
		99342CC821FB12CF0029DB10 /* Debug */ = {
			isa = XCBuildConfiguration;
			baseConfigurationReference = A2C3D32B8615DFA8A8B5DDD6 /* Pods-UberEatsTests.debug.xcconfig */;
			buildSettings = {
				BUNDLE_LOADER = "$(TEST_HOST)";
				CODE_SIGN_STYLE = Automatic;
				INFOPLIST_FILE = UberEatsTests/Info.plist;
				LD_RUNPATH_SEARCH_PATHS = (
					"$(inherited)",
					"@executable_path/Frameworks",
					"@loader_path/Frameworks",
				);
				PRODUCT_BUNDLE_IDENTIFIER = "team-b1.UberEatsTests";
				PRODUCT_NAME = "$(TARGET_NAME)";
				SWIFT_VERSION = 4.2;
				TARGETED_DEVICE_FAMILY = "1,2";
				TEST_HOST = "$(BUILT_PRODUCTS_DIR)/UberEats.app/UberEats";
			};
			name = Debug;
		};
		99342CC921FB12CF0029DB10 /* Release */ = {
			isa = XCBuildConfiguration;
			baseConfigurationReference = 21E5371DEE7450775E68850B /* Pods-UberEatsTests.release.xcconfig */;
			buildSettings = {
				BUNDLE_LOADER = "$(TEST_HOST)";
				CODE_SIGN_STYLE = Automatic;
				INFOPLIST_FILE = UberEatsTests/Info.plist;
				LD_RUNPATH_SEARCH_PATHS = (
					"$(inherited)",
					"@executable_path/Frameworks",
					"@loader_path/Frameworks",
				);
				PRODUCT_BUNDLE_IDENTIFIER = "team-b1.UberEatsTests";
				PRODUCT_NAME = "$(TARGET_NAME)";
				SWIFT_VERSION = 4.2;
				TARGETED_DEVICE_FAMILY = "1,2";
				TEST_HOST = "$(BUILT_PRODUCTS_DIR)/UberEats.app/UberEats";
			};
			name = Release;
		};
		9956F7FF21F98468004E9854 /* Debug */ = {
			isa = XCBuildConfiguration;
			buildSettings = {
				ALWAYS_SEARCH_USER_PATHS = NO;
				CLANG_ANALYZER_NONNULL = YES;
				CLANG_ANALYZER_NUMBER_OBJECT_CONVERSION = YES_AGGRESSIVE;
				CLANG_CXX_LANGUAGE_STANDARD = "gnu++14";
				CLANG_CXX_LIBRARY = "libc++";
				CLANG_ENABLE_MODULES = YES;
				CLANG_ENABLE_OBJC_ARC = YES;
				CLANG_ENABLE_OBJC_WEAK = YES;
				CLANG_WARN_BLOCK_CAPTURE_AUTORELEASING = YES;
				CLANG_WARN_BOOL_CONVERSION = YES;
				CLANG_WARN_COMMA = YES;
				CLANG_WARN_CONSTANT_CONVERSION = YES;
				CLANG_WARN_DEPRECATED_OBJC_IMPLEMENTATIONS = YES;
				CLANG_WARN_DIRECT_OBJC_ISA_USAGE = YES_ERROR;
				CLANG_WARN_DOCUMENTATION_COMMENTS = YES;
				CLANG_WARN_EMPTY_BODY = YES;
				CLANG_WARN_ENUM_CONVERSION = YES;
				CLANG_WARN_INFINITE_RECURSION = YES;
				CLANG_WARN_INT_CONVERSION = YES;
				CLANG_WARN_NON_LITERAL_NULL_CONVERSION = YES;
				CLANG_WARN_OBJC_IMPLICIT_RETAIN_SELF = YES;
				CLANG_WARN_OBJC_LITERAL_CONVERSION = YES;
				CLANG_WARN_OBJC_ROOT_CLASS = YES_ERROR;
				CLANG_WARN_RANGE_LOOP_ANALYSIS = YES;
				CLANG_WARN_STRICT_PROTOTYPES = YES;
				CLANG_WARN_SUSPICIOUS_MOVE = YES;
				CLANG_WARN_UNGUARDED_AVAILABILITY = YES_AGGRESSIVE;
				CLANG_WARN_UNREACHABLE_CODE = YES;
				CLANG_WARN__DUPLICATE_METHOD_MATCH = YES;
				CODE_SIGN_IDENTITY = "iPhone Developer";
				COPY_PHASE_STRIP = NO;
				DEBUG_INFORMATION_FORMAT = dwarf;
				ENABLE_STRICT_OBJC_MSGSEND = YES;
				ENABLE_TESTABILITY = YES;
				GCC_C_LANGUAGE_STANDARD = gnu11;
				GCC_DYNAMIC_NO_PIC = NO;
				GCC_NO_COMMON_BLOCKS = YES;
				GCC_OPTIMIZATION_LEVEL = 0;
				GCC_PREPROCESSOR_DEFINITIONS = (
					"DEBUG=1",
					"$(inherited)",
				);
				GCC_WARN_64_TO_32_BIT_CONVERSION = YES;
				GCC_WARN_ABOUT_RETURN_TYPE = YES_ERROR;
				GCC_WARN_UNDECLARED_SELECTOR = YES;
				GCC_WARN_UNINITIALIZED_AUTOS = YES_AGGRESSIVE;
				GCC_WARN_UNUSED_FUNCTION = YES;
				GCC_WARN_UNUSED_VARIABLE = YES;
				IPHONEOS_DEPLOYMENT_TARGET = 12.1;
				MTL_ENABLE_DEBUG_INFO = INCLUDE_SOURCE;
				MTL_FAST_MATH = YES;
				ONLY_ACTIVE_ARCH = YES;
				SDKROOT = iphoneos;
				SWIFT_ACTIVE_COMPILATION_CONDITIONS = DEBUG;
				SWIFT_OPTIMIZATION_LEVEL = "-Onone";
			};
			name = Debug;
		};
		9956F80021F98468004E9854 /* Release */ = {
			isa = XCBuildConfiguration;
			buildSettings = {
				ALWAYS_SEARCH_USER_PATHS = NO;
				CLANG_ANALYZER_NONNULL = YES;
				CLANG_ANALYZER_NUMBER_OBJECT_CONVERSION = YES_AGGRESSIVE;
				CLANG_CXX_LANGUAGE_STANDARD = "gnu++14";
				CLANG_CXX_LIBRARY = "libc++";
				CLANG_ENABLE_MODULES = YES;
				CLANG_ENABLE_OBJC_ARC = YES;
				CLANG_ENABLE_OBJC_WEAK = YES;
				CLANG_WARN_BLOCK_CAPTURE_AUTORELEASING = YES;
				CLANG_WARN_BOOL_CONVERSION = YES;
				CLANG_WARN_COMMA = YES;
				CLANG_WARN_CONSTANT_CONVERSION = YES;
				CLANG_WARN_DEPRECATED_OBJC_IMPLEMENTATIONS = YES;
				CLANG_WARN_DIRECT_OBJC_ISA_USAGE = YES_ERROR;
				CLANG_WARN_DOCUMENTATION_COMMENTS = YES;
				CLANG_WARN_EMPTY_BODY = YES;
				CLANG_WARN_ENUM_CONVERSION = YES;
				CLANG_WARN_INFINITE_RECURSION = YES;
				CLANG_WARN_INT_CONVERSION = YES;
				CLANG_WARN_NON_LITERAL_NULL_CONVERSION = YES;
				CLANG_WARN_OBJC_IMPLICIT_RETAIN_SELF = YES;
				CLANG_WARN_OBJC_LITERAL_CONVERSION = YES;
				CLANG_WARN_OBJC_ROOT_CLASS = YES_ERROR;
				CLANG_WARN_RANGE_LOOP_ANALYSIS = YES;
				CLANG_WARN_STRICT_PROTOTYPES = YES;
				CLANG_WARN_SUSPICIOUS_MOVE = YES;
				CLANG_WARN_UNGUARDED_AVAILABILITY = YES_AGGRESSIVE;
				CLANG_WARN_UNREACHABLE_CODE = YES;
				CLANG_WARN__DUPLICATE_METHOD_MATCH = YES;
				CODE_SIGN_IDENTITY = "iPhone Developer";
				COPY_PHASE_STRIP = NO;
				DEBUG_INFORMATION_FORMAT = "dwarf-with-dsym";
				ENABLE_NS_ASSERTIONS = NO;
				ENABLE_STRICT_OBJC_MSGSEND = YES;
				GCC_C_LANGUAGE_STANDARD = gnu11;
				GCC_NO_COMMON_BLOCKS = YES;
				GCC_WARN_64_TO_32_BIT_CONVERSION = YES;
				GCC_WARN_ABOUT_RETURN_TYPE = YES_ERROR;
				GCC_WARN_UNDECLARED_SELECTOR = YES;
				GCC_WARN_UNINITIALIZED_AUTOS = YES_AGGRESSIVE;
				GCC_WARN_UNUSED_FUNCTION = YES;
				GCC_WARN_UNUSED_VARIABLE = YES;
				IPHONEOS_DEPLOYMENT_TARGET = 12.1;
				MTL_ENABLE_DEBUG_INFO = NO;
				MTL_FAST_MATH = YES;
				SDKROOT = iphoneos;
				SWIFT_COMPILATION_MODE = wholemodule;
				SWIFT_OPTIMIZATION_LEVEL = "-O";
				VALIDATE_PRODUCT = YES;
			};
			name = Release;
		};
		9956F80221F98468004E9854 /* Debug */ = {
			isa = XCBuildConfiguration;
			baseConfigurationReference = 754714E789542F3590FBCC3B /* Pods-UberEats.debug.xcconfig */;
			buildSettings = {
				ASSETCATALOG_COMPILER_APPICON_NAME = AppIcon;
				CODE_SIGN_STYLE = Automatic;
				DEVELOPMENT_TEAM = P55BH5C78Q;
				INFOPLIST_FILE = UberEats/Info.plist;
				LD_RUNPATH_SEARCH_PATHS = (
					"$(inherited)",
					"@executable_path/Frameworks",
				);
				PRODUCT_BUNDLE_IDENTIFIER = "team-b1.UberEats2";
				PRODUCT_NAME = "$(TARGET_NAME)";
				SWIFT_VERSION = 4.2;
				TARGETED_DEVICE_FAMILY = "1,2";
			};
			name = Debug;
		};
		9956F80321F98468004E9854 /* Release */ = {
			isa = XCBuildConfiguration;
			baseConfigurationReference = 4125D072A68DB9E84A2993D3 /* Pods-UberEats.release.xcconfig */;
			buildSettings = {
				ASSETCATALOG_COMPILER_APPICON_NAME = AppIcon;
				CODE_SIGN_STYLE = Automatic;
				DEVELOPMENT_TEAM = P55BH5C78Q;
				INFOPLIST_FILE = UberEats/Info.plist;
				LD_RUNPATH_SEARCH_PATHS = (
					"$(inherited)",
					"@executable_path/Frameworks",
				);
				PRODUCT_BUNDLE_IDENTIFIER = "team-b1.UberEats2";
				PRODUCT_NAME = "$(TARGET_NAME)";
				SWIFT_VERSION = 4.2;
				TARGETED_DEVICE_FAMILY = "1,2";
			};
			name = Release;
		};
/* End XCBuildConfiguration section */

/* Begin XCConfigurationList section */
		99342CCA21FB12CF0029DB10 /* Build configuration list for PBXNativeTarget "UberEatsTests" */ = {
			isa = XCConfigurationList;
			buildConfigurations = (
				99342CC821FB12CF0029DB10 /* Debug */,
				99342CC921FB12CF0029DB10 /* Release */,
			);
			defaultConfigurationIsVisible = 0;
			defaultConfigurationName = Release;
		};
		9956F7E821F98468004E9854 /* Build configuration list for PBXProject "UberEats" */ = {
			isa = XCConfigurationList;
			buildConfigurations = (
				9956F7FF21F98468004E9854 /* Debug */,
				9956F80021F98468004E9854 /* Release */,
			);
			defaultConfigurationIsVisible = 0;
			defaultConfigurationName = Release;
		};
		9956F80121F98468004E9854 /* Build configuration list for PBXNativeTarget "UberEats" */ = {
			isa = XCConfigurationList;
			buildConfigurations = (
				9956F80221F98468004E9854 /* Debug */,
				9956F80321F98468004E9854 /* Release */,
			);
			defaultConfigurationIsVisible = 0;
			defaultConfigurationName = Release;
		};
/* End XCConfigurationList section */
	};
	rootObject = 9956F7E521F98468004E9854 /* Project object */;
}
